// !$*UTF8*$!
{
	archiveVersion = 1;
	classes = {
	};
	objectVersion = 50;
	objects = {

/* Begin PBXBuildFile section */
		1046079024DBB60500F97096 /* TTDFKit.framework in Frameworks */ = {isa = PBXBuildFile; fileRef = 1046078624DBB60500F97096 /* TTDFKit.framework */; };
		1046079524DBB60500F97096 /* TTDFKitTests.m in Sources */ = {isa = PBXBuildFile; fileRef = 1046079424DBB60500F97096 /* TTDFKitTests.m */; };
		104607DB24DBB70200F97096 /* JavaScriptCore.framework in Frameworks */ = {isa = PBXBuildFile; fileRef = 104607DA24DBB70200F97096 /* JavaScriptCore.framework */; };
		10F7468F27D1BEEE008EC97D /* TTDFUtilsTest.m in Sources */ = {isa = PBXBuildFile; fileRef = 10F7468E27D1BEEE008EC97D /* TTDFUtilsTest.m */; };
		10F746A527D1C05E008EC97D /* TTDFEntry.h in Headers */ = {isa = PBXBuildFile; fileRef = 10F7469427D1C05D008EC97D /* TTDFEntry.h */; };
		10F746A627D1C05E008EC97D /* TTDFBlockHelper.h in Headers */ = {isa = PBXBuildFile; fileRef = 10F7469527D1C05D008EC97D /* TTDFBlockHelper.h */; };
		10F746A727D1C05E008EC97D /* TTDFModels.m in Sources */ = {isa = PBXBuildFile; fileRef = 10F7469627D1C05D008EC97D /* TTDFModels.m */; };
		10F746A827D1C05E008EC97D /* TTDFModels.m in Sources */ = {isa = PBXBuildFile; fileRef = 10F7469627D1C05D008EC97D /* TTDFModels.m */; };
		10F746A927D1C05E008EC97D /* TTContext.h in Headers */ = {isa = PBXBuildFile; fileRef = 10F7469727D1C05D008EC97D /* TTContext.h */; };
		10F746AA27D1C05E008EC97D /* TTDFBlockHelper.m in Sources */ = {isa = PBXBuildFile; fileRef = 10F7469827D1C05D008EC97D /* TTDFBlockHelper.m */; };
		10F746AB27D1C05E008EC97D /* TTDFBlockHelper.m in Sources */ = {isa = PBXBuildFile; fileRef = 10F7469827D1C05D008EC97D /* TTDFBlockHelper.m */; };
		10F746AC27D1C05E008EC97D /* TTDFModels.h in Headers */ = {isa = PBXBuildFile; fileRef = 10F7469927D1C05D008EC97D /* TTDFModels.h */; };
		10F746AD27D1C05E008EC97D /* TTDFEntry.m in Sources */ = {isa = PBXBuildFile; fileRef = 10F7469A27D1C05D008EC97D /* TTDFEntry.m */; };
		10F746AE27D1C05E008EC97D /* TTDFEntry.m in Sources */ = {isa = PBXBuildFile; fileRef = 10F7469A27D1C05D008EC97D /* TTDFEntry.m */; };
		10F746AF27D1C05E008EC97D /* TTDFLogModule.h in Headers */ = {isa = PBXBuildFile; fileRef = 10F7469B27D1C05D008EC97D /* TTDFLogModule.h */; };
		10F746B027D1C05E008EC97D /* TTDFEngine.m in Sources */ = {isa = PBXBuildFile; fileRef = 10F7469C27D1C05D008EC97D /* TTDFEngine.m */; };
		10F746B127D1C05E008EC97D /* TTDFEngine.m in Sources */ = {isa = PBXBuildFile; fileRef = 10F7469C27D1C05D008EC97D /* TTDFEngine.m */; };
		10F746B227D1C05E008EC97D /* TTDFUtils.m in Sources */ = {isa = PBXBuildFile; fileRef = 10F7469D27D1C05D008EC97D /* TTDFUtils.m */; };
		10F746B327D1C05E008EC97D /* TTDFUtils.m in Sources */ = {isa = PBXBuildFile; fileRef = 10F7469D27D1C05D008EC97D /* TTDFUtils.m */; };
		10F746B427D1C05E008EC97D /* TTDFMethodCleaner.h in Headers */ = {isa = PBXBuildFile; fileRef = 10F7469E27D1C05D008EC97D /* TTDFMethodCleaner.h */; };
		10F746B527D1C05E008EC97D /* TTDFEngine.h in Headers */ = {isa = PBXBuildFile; fileRef = 10F7469F27D1C05D008EC97D /* TTDFEngine.h */; };
		10F746B627D1C05E008EC97D /* TTDFKit.h in Headers */ = {isa = PBXBuildFile; fileRef = 10F746A027D1C05E008EC97D /* TTDFKit.h */; };
		10F746B727D1C05E008EC97D /* TTDFMethodCleaner.m in Sources */ = {isa = PBXBuildFile; fileRef = 10F746A127D1C05E008EC97D /* TTDFMethodCleaner.m */; };
		10F746B827D1C05E008EC97D /* TTDFMethodCleaner.m in Sources */ = {isa = PBXBuildFile; fileRef = 10F746A127D1C05E008EC97D /* TTDFMethodCleaner.m */; };
		10F746B927D1C05E008EC97D /* TTDFUtils.h in Headers */ = {isa = PBXBuildFile; fileRef = 10F746A227D1C05E008EC97D /* TTDFUtils.h */; };
		10F746BA27D1C05E008EC97D /* TTContext.m in Sources */ = {isa = PBXBuildFile; fileRef = 10F746A327D1C05E008EC97D /* TTContext.m */; };
		10F746BB27D1C05E008EC97D /* TTContext.m in Sources */ = {isa = PBXBuildFile; fileRef = 10F746A327D1C05E008EC97D /* TTContext.m */; };
		10F746BC27D1C05E008EC97D /* TTDFLogModule.mm in Sources */ = {isa = PBXBuildFile; fileRef = 10F746A427D1C05E008EC97D /* TTDFLogModule.mm */; };
		10F746BD27D1C05E008EC97D /* TTDFLogModule.mm in Sources */ = {isa = PBXBuildFile; fileRef = 10F746A427D1C05E008EC97D /* TTDFLogModule.mm */; };
		10F746BE27D1C081008EC97D /* ffitarget.h in Headers */ = {isa = PBXBuildFile; fileRef = 104607C424DBB64F00F97096 /* ffitarget.h */; };
		10F746BF27D1C088008EC97D /* ffi_i386.h in Headers */ = {isa = PBXBuildFile; fileRef = 104607C624DBB64F00F97096 /* ffi_i386.h */; };
		10F746C027D1C088008EC97D /* ffi_x86_64.h in Headers */ = {isa = PBXBuildFile; fileRef = 104607C824DBB64F00F97096 /* ffi_x86_64.h */; };
		10F746C127D1C088008EC97D /* ffitarget_arm64.h in Headers */ = {isa = PBXBuildFile; fileRef = 104607C324DBB64F00F97096 /* ffitarget_arm64.h */; };
		10F746C227D1C088008EC97D /* ffitarget_x86_64.h in Headers */ = {isa = PBXBuildFile; fileRef = 104607C724DBB64F00F97096 /* ffitarget_x86_64.h */; };
		10F746C327D1C088008EC97D /* ffitarget_i386.h in Headers */ = {isa = PBXBuildFile; fileRef = 104607CA24DBB64F00F97096 /* ffitarget_i386.h */; };
		10F746C427D1C088008EC97D /* ffi_arm.h in Headers */ = {isa = PBXBuildFile; fileRef = 104607C524DBB64F00F97096 /* ffi_arm.h */; };
		10F746C527D1C088008EC97D /* ffi.h in Headers */ = {isa = PBXBuildFile; fileRef = 104607CC24DBB64F00F97096 /* ffi.h */; };
		10F746C627D1C088008EC97D /* ffi_arm64.h in Headers */ = {isa = PBXBuildFile; fileRef = 104607CD24DBB64F00F97096 /* ffi_arm64.h */; };
		10F746C727D1C088008EC97D /* libffi.a in Frameworks */ = {isa = PBXBuildFile; fileRef = 104607CB24DBB64F00F97096 /* libffi.a */; };
		10F746C827D1C088008EC97D /* ffitarget_arm.h in Headers */ = {isa = PBXBuildFile; fileRef = 104607C924DBB64F00F97096 /* ffitarget_arm.h */; };
/* End PBXBuildFile section */

/* Begin PBXContainerItemProxy section */
		1046079124DBB60500F97096 /* PBXContainerItemProxy */ = {
			isa = PBXContainerItemProxy;
			containerPortal = 1046077D24DBB60500F97096 /* Project object */;
			proxyType = 1;
			remoteGlobalIDString = 1046078524DBB60500F97096;
			remoteInfo = TTDFKit;
		};
/* End PBXContainerItemProxy section */

/* Begin PBXFileReference section */
		1046078624DBB60500F97096 /* TTDFKit.framework */ = {isa = PBXFileReference; explicitFileType = wrapper.framework; includeInIndex = 0; path = TTDFKit.framework; sourceTree = BUILT_PRODUCTS_DIR; };
		1046078A24DBB60500F97096 /* Info.plist */ = {isa = PBXFileReference; lastKnownFileType = text.plist.xml; path = Info.plist; sourceTree = "<group>"; };
		1046078F24DBB60500F97096 /* TTDFKitTests.xctest */ = {isa = PBXFileReference; explicitFileType = wrapper.cfbundle; includeInIndex = 0; path = TTDFKitTests.xctest; sourceTree = BUILT_PRODUCTS_DIR; };
		1046079424DBB60500F97096 /* TTDFKitTests.m */ = {isa = PBXFileReference; lastKnownFileType = sourcecode.c.objc; path = TTDFKitTests.m; sourceTree = "<group>"; };
		1046079624DBB60500F97096 /* Info.plist */ = {isa = PBXFileReference; lastKnownFileType = text.plist.xml; path = Info.plist; sourceTree = "<group>"; };
		104607C324DBB64F00F97096 /* ffitarget_arm64.h */ = {isa = PBXFileReference; fileEncoding = 4; lastKnownFileType = sourcecode.c.h; path = ffitarget_arm64.h; sourceTree = "<group>"; };
		104607C424DBB64F00F97096 /* ffitarget.h */ = {isa = PBXFileReference; fileEncoding = 4; lastKnownFileType = sourcecode.c.h; path = ffitarget.h; sourceTree = "<group>"; };
		104607C524DBB64F00F97096 /* ffi_arm.h */ = {isa = PBXFileReference; fileEncoding = 4; lastKnownFileType = sourcecode.c.h; path = ffi_arm.h; sourceTree = "<group>"; };
		104607C624DBB64F00F97096 /* ffi_i386.h */ = {isa = PBXFileReference; fileEncoding = 4; lastKnownFileType = sourcecode.c.h; path = ffi_i386.h; sourceTree = "<group>"; };
		104607C724DBB64F00F97096 /* ffitarget_x86_64.h */ = {isa = PBXFileReference; fileEncoding = 4; lastKnownFileType = sourcecode.c.h; path = ffitarget_x86_64.h; sourceTree = "<group>"; };
		104607C824DBB64F00F97096 /* ffi_x86_64.h */ = {isa = PBXFileReference; fileEncoding = 4; lastKnownFileType = sourcecode.c.h; path = ffi_x86_64.h; sourceTree = "<group>"; };
		104607C924DBB64F00F97096 /* ffitarget_arm.h */ = {isa = PBXFileReference; fileEncoding = 4; lastKnownFileType = sourcecode.c.h; path = ffitarget_arm.h; sourceTree = "<group>"; };
		104607CA24DBB64F00F97096 /* ffitarget_i386.h */ = {isa = PBXFileReference; fileEncoding = 4; lastKnownFileType = sourcecode.c.h; path = ffitarget_i386.h; sourceTree = "<group>"; };
		104607CB24DBB64F00F97096 /* libffi.a */ = {isa = PBXFileReference; lastKnownFileType = archive.ar; path = libffi.a; sourceTree = "<group>"; };
		104607CC24DBB64F00F97096 /* ffi.h */ = {isa = PBXFileReference; fileEncoding = 4; lastKnownFileType = sourcecode.c.h; path = ffi.h; sourceTree = "<group>"; };
		104607CD24DBB64F00F97096 /* ffi_arm64.h */ = {isa = PBXFileReference; fileEncoding = 4; lastKnownFileType = sourcecode.c.h; path = ffi_arm64.h; sourceTree = "<group>"; };
		104607DA24DBB70200F97096 /* JavaScriptCore.framework */ = {isa = PBXFileReference; lastKnownFileType = wrapper.framework; name = JavaScriptCore.framework; path = Platforms/MacOSX.platform/Developer/SDKs/MacOSX10.15.sdk/System/Library/Frameworks/JavaScriptCore.framework; sourceTree = DEVELOPER_DIR; };
		1046083B24DBC58800F97096 /* TTDF.js */ = {isa = PBXFileReference; fileEncoding = 4; lastKnownFileType = sourcecode.javascript; path = TTDF.js; sourceTree = "<group>"; };
		10F3A7E4257DD77F0008E4CE /* buildExe.sh */ = {isa = PBXFileReference; fileEncoding = 4; lastKnownFileType = text.script.sh; path = buildExe.sh; sourceTree = SOURCE_ROOT; };
		10F7468E27D1BEEE008EC97D /* TTDFUtilsTest.m */ = {isa = PBXFileReference; lastKnownFileType = sourcecode.c.objc; path = TTDFUtilsTest.m; sourceTree = "<group>"; };
		10F7469427D1C05D008EC97D /* TTDFEntry.h */ = {isa = PBXFileReference; fileEncoding = 4; lastKnownFileType = sourcecode.c.h; path = TTDFEntry.h; sourceTree = "<group>"; };
		10F7469527D1C05D008EC97D /* TTDFBlockHelper.h */ = {isa = PBXFileReference; fileEncoding = 4; lastKnownFileType = sourcecode.c.h; path = TTDFBlockHelper.h; sourceTree = "<group>"; };
		10F7469627D1C05D008EC97D /* TTDFModels.m */ = {isa = PBXFileReference; fileEncoding = 4; lastKnownFileType = sourcecode.c.objc; path = TTDFModels.m; sourceTree = "<group>"; };
		10F7469727D1C05D008EC97D /* TTContext.h */ = {isa = PBXFileReference; fileEncoding = 4; lastKnownFileType = sourcecode.c.h; path = TTContext.h; sourceTree = "<group>"; };
		10F7469827D1C05D008EC97D /* TTDFBlockHelper.m */ = {isa = PBXFileReference; fileEncoding = 4; lastKnownFileType = sourcecode.c.objc; path = TTDFBlockHelper.m; sourceTree = "<group>"; };
		10F7469927D1C05D008EC97D /* TTDFModels.h */ = {isa = PBXFileReference; fileEncoding = 4; lastKnownFileType = sourcecode.c.h; path = TTDFModels.h; sourceTree = "<group>"; };
		10F7469A27D1C05D008EC97D /* TTDFEntry.m */ = {isa = PBXFileReference; fileEncoding = 4; lastKnownFileType = sourcecode.c.objc; path = TTDFEntry.m; sourceTree = "<group>"; };
		10F7469B27D1C05D008EC97D /* TTDFLogModule.h */ = {isa = PBXFileReference; fileEncoding = 4; lastKnownFileType = sourcecode.c.h; path = TTDFLogModule.h; sourceTree = "<group>"; };
		10F7469C27D1C05D008EC97D /* TTDFEngine.m */ = {isa = PBXFileReference; fileEncoding = 4; lastKnownFileType = sourcecode.c.objc; path = TTDFEngine.m; sourceTree = "<group>"; };
		10F7469D27D1C05D008EC97D /* TTDFUtils.m */ = {isa = PBXFileReference; fileEncoding = 4; lastKnownFileType = sourcecode.c.objc; path = TTDFUtils.m; sourceTree = "<group>"; };
		10F7469E27D1C05D008EC97D /* TTDFMethodCleaner.h */ = {isa = PBXFileReference; fileEncoding = 4; lastKnownFileType = sourcecode.c.h; path = TTDFMethodCleaner.h; sourceTree = "<group>"; };
		10F7469F27D1C05D008EC97D /* TTDFEngine.h */ = {isa = PBXFileReference; fileEncoding = 4; lastKnownFileType = sourcecode.c.h; path = TTDFEngine.h; sourceTree = "<group>"; };
		10F746A027D1C05E008EC97D /* TTDFKit.h */ = {isa = PBXFileReference; fileEncoding = 4; lastKnownFileType = sourcecode.c.h; path = TTDFKit.h; sourceTree = "<group>"; };
		10F746A127D1C05E008EC97D /* TTDFMethodCleaner.m */ = {isa = PBXFileReference; fileEncoding = 4; lastKnownFileType = sourcecode.c.objc; path = TTDFMethodCleaner.m; sourceTree = "<group>"; };
		10F746A227D1C05E008EC97D /* TTDFUtils.h */ = {isa = PBXFileReference; fileEncoding = 4; lastKnownFileType = sourcecode.c.h; path = TTDFUtils.h; sourceTree = "<group>"; };
		10F746A327D1C05E008EC97D /* TTContext.m */ = {isa = PBXFileReference; fileEncoding = 4; lastKnownFileType = sourcecode.c.objc; path = TTContext.m; sourceTree = "<group>"; };
		10F746A427D1C05E008EC97D /* TTDFLogModule.mm */ = {isa = PBXFileReference; fileEncoding = 4; lastKnownFileType = sourcecode.cpp.objcpp; path = TTDFLogModule.mm; sourceTree = "<group>"; };
/* End PBXFileReference section */

/* Begin PBXFrameworksBuildPhase section */
		1046078324DBB60500F97096 /* Frameworks */ = {
			isa = PBXFrameworksBuildPhase;
			buildActionMask = 2147483647;
			files = (
				104607DB24DBB70200F97096 /* JavaScriptCore.framework in Frameworks */,
				10F746C727D1C088008EC97D /* libffi.a in Frameworks */,
			);
			runOnlyForDeploymentPostprocessing = 0;
		};
		1046078C24DBB60500F97096 /* Frameworks */ = {
			isa = PBXFrameworksBuildPhase;
			buildActionMask = 2147483647;
			files = (
				1046079024DBB60500F97096 /* TTDFKit.framework in Frameworks */,
			);
			runOnlyForDeploymentPostprocessing = 0;
		};
/* End PBXFrameworksBuildPhase section */

/* Begin PBXGroup section */
		1046077C24DBB60500F97096 = {
			isa = PBXGroup;
			children = (
				1046078824DBB60500F97096 /* TTDFKit */,
				1046079324DBB60500F97096 /* TTDFKitTests */,
				1046078724DBB60500F97096 /* Products */,
				104607D924DBB70200F97096 /* Frameworks */,
			);
			sourceTree = "<group>";
		};
		1046078724DBB60500F97096 /* Products */ = {
			isa = PBXGroup;
			children = (
				1046078624DBB60500F97096 /* TTDFKit.framework */,
				1046078F24DBB60500F97096 /* TTDFKitTests.xctest */,
			);
			name = Products;
			sourceTree = "<group>";
		};
		1046078824DBB60500F97096 /* TTDFKit */ = {
			isa = PBXGroup;
			children = (
				1046083B24DBC58800F97096 /* TTDF.js */,
				1046078A24DBB60500F97096 /* Info.plist */,
				10F3A7E4257DD77F0008E4CE /* buildExe.sh */,
				10F7469727D1C05D008EC97D /* TTContext.h */,
				10F746A327D1C05E008EC97D /* TTContext.m */,
				10F7469527D1C05D008EC97D /* TTDFBlockHelper.h */,
				10F7469827D1C05D008EC97D /* TTDFBlockHelper.m */,
				10F7469F27D1C05D008EC97D /* TTDFEngine.h */,
				10F7469C27D1C05D008EC97D /* TTDFEngine.m */,
				10F7469427D1C05D008EC97D /* TTDFEntry.h */,
				10F7469A27D1C05D008EC97D /* TTDFEntry.m */,
				10F746A027D1C05E008EC97D /* TTDFKit.h */,
				10F7469B27D1C05D008EC97D /* TTDFLogModule.h */,
				10F746A427D1C05E008EC97D /* TTDFLogModule.mm */,
				10F7469E27D1C05D008EC97D /* TTDFMethodCleaner.h */,
				10F746A127D1C05E008EC97D /* TTDFMethodCleaner.m */,
				10F7469927D1C05D008EC97D /* TTDFModels.h */,
				10F7469627D1C05D008EC97D /* TTDFModels.m */,
				10F746A227D1C05E008EC97D /* TTDFUtils.h */,
				10F7469D27D1C05D008EC97D /* TTDFUtils.m */,
				104607C224DBB64F00F97096 /* libffi */,
			);
			path = TTDFKit;
			sourceTree = "<group>";
		};
		1046079324DBB60500F97096 /* TTDFKitTests */ = {
			isa = PBXGroup;
			children = (
				1046079424DBB60500F97096 /* TTDFKitTests.m */,
				10F7468E27D1BEEE008EC97D /* TTDFUtilsTest.m */,
				1046079624DBB60500F97096 /* Info.plist */,
			);
			path = TTDFKitTests;
			sourceTree = "<group>";
		};
		104607C224DBB64F00F97096 /* libffi */ = {
			isa = PBXGroup;
			children = (
				104607C324DBB64F00F97096 /* ffitarget_arm64.h */,
				104607C424DBB64F00F97096 /* ffitarget.h */,
				104607C524DBB64F00F97096 /* ffi_arm.h */,
				104607C624DBB64F00F97096 /* ffi_i386.h */,
				104607C724DBB64F00F97096 /* ffitarget_x86_64.h */,
				104607C824DBB64F00F97096 /* ffi_x86_64.h */,
				104607C924DBB64F00F97096 /* ffitarget_arm.h */,
				104607CA24DBB64F00F97096 /* ffitarget_i386.h */,
				104607CB24DBB64F00F97096 /* libffi.a */,
				104607CC24DBB64F00F97096 /* ffi.h */,
				104607CD24DBB64F00F97096 /* ffi_arm64.h */,
			);
			path = libffi;
			sourceTree = SOURCE_ROOT;
		};
		104607D924DBB70200F97096 /* Frameworks */ = {
			isa = PBXGroup;
			children = (
				104607DA24DBB70200F97096 /* JavaScriptCore.framework */,
			);
			name = Frameworks;
			sourceTree = "<group>";
		};
/* End PBXGroup section */

/* Begin PBXHeadersBuildPhase section */
		1046078124DBB60500F97096 /* Headers */ = {
			isa = PBXHeadersBuildPhase;
			buildActionMask = 2147483647;
			files = (
				10F746B427D1C05E008EC97D /* TTDFMethodCleaner.h in Headers */,
				10F746C027D1C088008EC97D /* ffi_x86_64.h in Headers */,
				10F746C327D1C088008EC97D /* ffitarget_i386.h in Headers */,
				10F746C427D1C088008EC97D /* ffi_arm.h in Headers */,
				10F746C227D1C088008EC97D /* ffitarget_x86_64.h in Headers */,
				10F746B627D1C05E008EC97D /* TTDFKit.h in Headers */,
				10F746B927D1C05E008EC97D /* TTDFUtils.h in Headers */,
				10F746C627D1C088008EC97D /* ffi_arm64.h in Headers */,
				10F746AC27D1C05E008EC97D /* TTDFModels.h in Headers */,
				10F746A627D1C05E008EC97D /* TTDFBlockHelper.h in Headers */,
				10F746BF27D1C088008EC97D /* ffi_i386.h in Headers */,
				10F746C127D1C088008EC97D /* ffitarget_arm64.h in Headers */,
				10F746A927D1C05E008EC97D /* TTContext.h in Headers */,
				10F746A527D1C05E008EC97D /* TTDFEntry.h in Headers */,
				10F746B527D1C05E008EC97D /* TTDFEngine.h in Headers */,
				10F746AF27D1C05E008EC97D /* TTDFLogModule.h in Headers */,
				10F746BE27D1C081008EC97D /* ffitarget.h in Headers */,
				10F746C827D1C088008EC97D /* ffitarget_arm.h in Headers */,
				10F746C527D1C088008EC97D /* ffi.h in Headers */,
			);
			runOnlyForDeploymentPostprocessing = 0;
		};
/* End PBXHeadersBuildPhase section */

/* Begin PBXNativeTarget section */
		1046078524DBB60500F97096 /* TTDFKit */ = {
			isa = PBXNativeTarget;
			buildConfigurationList = 1046079A24DBB60500F97096 /* Build configuration list for PBXNativeTarget "TTDFKit" */;
			buildPhases = (
				1046078124DBB60500F97096 /* Headers */,
				1046078224DBB60500F97096 /* Sources */,
				1046078324DBB60500F97096 /* Frameworks */,
				1046078424DBB60500F97096 /* Resources */,
			);
			buildRules = (
			);
			dependencies = (
			);
			name = TTDFKit;
			productName = TTDFKit;
			productReference = 1046078624DBB60500F97096 /* TTDFKit.framework */;
			productType = "com.apple.product-type.framework";
		};
		1046078E24DBB60500F97096 /* TTDFKitTests */ = {
			isa = PBXNativeTarget;
			buildConfigurationList = 1046079D24DBB60500F97096 /* Build configuration list for PBXNativeTarget "TTDFKitTests" */;
			buildPhases = (
				1046078B24DBB60500F97096 /* Sources */,
				1046078C24DBB60500F97096 /* Frameworks */,
				1046078D24DBB60500F97096 /* Resources */,
			);
			buildRules = (
			);
			dependencies = (
				1046079224DBB60500F97096 /* PBXTargetDependency */,
			);
			name = TTDFKitTests;
			productName = TTDFKitTests;
			productReference = 1046078F24DBB60500F97096 /* TTDFKitTests.xctest */;
			productType = "com.apple.product-type.bundle.unit-test";
		};
/* End PBXNativeTarget section */

/* Begin PBXProject section */
		1046077D24DBB60500F97096 /* Project object */ = {
			isa = PBXProject;
			attributes = {
				LastUpgradeCheck = 1130;
				ORGANIZATIONNAME = tianyubing;
				TargetAttributes = {
					1046078524DBB60500F97096 = {
						CreatedOnToolsVersion = 11.3.1;
					};
					1046078E24DBB60500F97096 = {
						CreatedOnToolsVersion = 11.3.1;
					};
				};
			};
			buildConfigurationList = 1046078024DBB60500F97096 /* Build configuration list for PBXProject "TTDFKit" */;
			compatibilityVersion = "Xcode 9.3";
			developmentRegion = en;
			hasScannedForEncodings = 0;
			knownRegions = (
				en,
				Base,
			);
			mainGroup = 1046077C24DBB60500F97096;
			productRefGroup = 1046078724DBB60500F97096 /* Products */;
			projectDirPath = "";
			projectRoot = "";
			targets = (
				1046078524DBB60500F97096 /* TTDFKit */,
				1046078E24DBB60500F97096 /* TTDFKitTests */,
			);
		};
/* End PBXProject section */

/* Begin PBXResourcesBuildPhase section */
		1046078424DBB60500F97096 /* Resources */ = {
			isa = PBXResourcesBuildPhase;
			buildActionMask = 2147483647;
			files = (
			);
			runOnlyForDeploymentPostprocessing = 0;
		};
		1046078D24DBB60500F97096 /* Resources */ = {
			isa = PBXResourcesBuildPhase;
			buildActionMask = 2147483647;
			files = (
			);
			runOnlyForDeploymentPostprocessing = 0;
		};
/* End PBXResourcesBuildPhase section */

/* Begin PBXSourcesBuildPhase section */
		1046078224DBB60500F97096 /* Sources */ = {
			isa = PBXSourcesBuildPhase;
			buildActionMask = 2147483647;
			files = (
				10F746BA27D1C05E008EC97D /* TTContext.m in Sources */,
				10F746A727D1C05E008EC97D /* TTDFModels.m in Sources */,
				10F746BC27D1C05E008EC97D /* TTDFLogModule.mm in Sources */,
				10F746AA27D1C05E008EC97D /* TTDFBlockHelper.m in Sources */,
				10F746B227D1C05E008EC97D /* TTDFUtils.m in Sources */,
				10F746B727D1C05E008EC97D /* TTDFMethodCleaner.m in Sources */,
				10F746AD27D1C05E008EC97D /* TTDFEntry.m in Sources */,
				10F746B027D1C05E008EC97D /* TTDFEngine.m in Sources */,
			);
			runOnlyForDeploymentPostprocessing = 0;
		};
		1046078B24DBB60500F97096 /* Sources */ = {
			isa = PBXSourcesBuildPhase;
			buildActionMask = 2147483647;
			files = (
				10F746AE27D1C05E008EC97D /* TTDFEntry.m in Sources */,
				1046079524DBB60500F97096 /* TTDFKitTests.m in Sources */,
				10F746BD27D1C05E008EC97D /* TTDFLogModule.mm in Sources */,
				10F746AB27D1C05E008EC97D /* TTDFBlockHelper.m in Sources */,
				10F746B827D1C05E008EC97D /* TTDFMethodCleaner.m in Sources */,
				10F746BB27D1C05E008EC97D /* TTContext.m in Sources */,
				10F7468F27D1BEEE008EC97D /* TTDFUtilsTest.m in Sources */,
				10F746A827D1C05E008EC97D /* TTDFModels.m in Sources */,
				10F746B327D1C05E008EC97D /* TTDFUtils.m in Sources */,
				10F746B127D1C05E008EC97D /* TTDFEngine.m in Sources */,
			);
			runOnlyForDeploymentPostprocessing = 0;
		};
/* End PBXSourcesBuildPhase section */

/* Begin PBXTargetDependency section */
		1046079224DBB60500F97096 /* PBXTargetDependency */ = {
			isa = PBXTargetDependency;
			target = 1046078524DBB60500F97096 /* TTDFKit */;
			targetProxy = 1046079124DBB60500F97096 /* PBXContainerItemProxy */;
		};
/* End PBXTargetDependency section */

/* Begin XCBuildConfiguration section */
		1046079824DBB60500F97096 /* Debug */ = {
			isa = XCBuildConfiguration;
			buildSettings = {
				ALWAYS_SEARCH_USER_PATHS = NO;
				CLANG_ANALYZER_NONNULL = YES;
				CLANG_ANALYZER_NUMBER_OBJECT_CONVERSION = YES_AGGRESSIVE;
				CLANG_CXX_LANGUAGE_STANDARD = "gnu++14";
				CLANG_CXX_LIBRARY = "libc++";
				CLANG_ENABLE_MODULES = YES;
				CLANG_ENABLE_OBJC_ARC = YES;
				CLANG_ENABLE_OBJC_WEAK = YES;
				CLANG_WARN_BLOCK_CAPTURE_AUTORELEASING = YES;
				CLANG_WARN_BOOL_CONVERSION = YES;
				CLANG_WARN_COMMA = YES;
				CLANG_WARN_CONSTANT_CONVERSION = YES;
				CLANG_WARN_DEPRECATED_OBJC_IMPLEMENTATIONS = YES;
				CLANG_WARN_DIRECT_OBJC_ISA_USAGE = YES_ERROR;
				CLANG_WARN_DOCUMENTATION_COMMENTS = YES;
				CLANG_WARN_EMPTY_BODY = YES;
				CLANG_WARN_ENUM_CONVERSION = YES;
				CLANG_WARN_INFINITE_RECURSION = YES;
				CLANG_WARN_INT_CONVERSION = YES;
				CLANG_WARN_NON_LITERAL_NULL_CONVERSION = YES;
				CLANG_WARN_OBJC_IMPLICIT_RETAIN_SELF = YES;
				CLANG_WARN_OBJC_LITERAL_CONVERSION = YES;
				CLANG_WARN_OBJC_ROOT_CLASS = YES_ERROR;
				CLANG_WARN_RANGE_LOOP_ANALYSIS = YES;
				CLANG_WARN_STRICT_PROTOTYPES = YES;
				CLANG_WARN_SUSPICIOUS_MOVE = YES;
				CLANG_WARN_UNGUARDED_AVAILABILITY = YES_AGGRESSIVE;
				CLANG_WARN_UNREACHABLE_CODE = YES;
				CLANG_WARN__DUPLICATE_METHOD_MATCH = YES;
				COPY_PHASE_STRIP = NO;
				CURRENT_PROJECT_VERSION = 1;
				DEBUG_INFORMATION_FORMAT = dwarf;
				ENABLE_STRICT_OBJC_MSGSEND = YES;
				ENABLE_TESTABILITY = YES;
				GCC_C_LANGUAGE_STANDARD = gnu11;
				GCC_DYNAMIC_NO_PIC = NO;
				GCC_NO_COMMON_BLOCKS = YES;
				GCC_OPTIMIZATION_LEVEL = 0;
				GCC_PREPROCESSOR_DEFINITIONS = (
					"DEBUG=1",
					"$(inherited)",
				);
				GCC_WARN_64_TO_32_BIT_CONVERSION = YES;
				GCC_WARN_ABOUT_RETURN_TYPE = YES_ERROR;
				GCC_WARN_UNDECLARED_SELECTOR = YES;
				GCC_WARN_UNINITIALIZED_AUTOS = YES_AGGRESSIVE;
				GCC_WARN_UNUSED_FUNCTION = YES;
				GCC_WARN_UNUSED_VARIABLE = YES;
				IPHONEOS_DEPLOYMENT_TARGET = 13.2;
				MTL_ENABLE_DEBUG_INFO = INCLUDE_SOURCE;
				MTL_FAST_MATH = YES;
				ONLY_ACTIVE_ARCH = YES;
				SDKROOT = iphoneos;
				VERSIONING_SYSTEM = "apple-generic";
				VERSION_INFO_PREFIX = "";
			};
			name = Debug;
		};
		1046079924DBB60500F97096 /* Release */ = {
			isa = XCBuildConfiguration;
			buildSettings = {
				ALWAYS_SEARCH_USER_PATHS = NO;
				CLANG_ANALYZER_NONNULL = YES;
				CLANG_ANALYZER_NUMBER_OBJECT_CONVERSION = YES_AGGRESSIVE;
				CLANG_CXX_LANGUAGE_STANDARD = "gnu++14";
				CLANG_CXX_LIBRARY = "libc++";
				CLANG_ENABLE_MODULES = YES;
				CLANG_ENABLE_OBJC_ARC = YES;
				CLANG_ENABLE_OBJC_WEAK = YES;
				CLANG_WARN_BLOCK_CAPTURE_AUTORELEASING = YES;
				CLANG_WARN_BOOL_CONVERSION = YES;
				CLANG_WARN_COMMA = YES;
				CLANG_WARN_CONSTANT_CONVERSION = YES;
				CLANG_WARN_DEPRECATED_OBJC_IMPLEMENTATIONS = YES;
				CLANG_WARN_DIRECT_OBJC_ISA_USAGE = YES_ERROR;
				CLANG_WARN_DOCUMENTATION_COMMENTS = YES;
				CLANG_WARN_EMPTY_BODY = YES;
				CLANG_WARN_ENUM_CONVERSION = YES;
				CLANG_WARN_INFINITE_RECURSION = YES;
				CLANG_WARN_INT_CONVERSION = YES;
				CLANG_WARN_NON_LITERAL_NULL_CONVERSION = YES;
				CLANG_WARN_OBJC_IMPLICIT_RETAIN_SELF = YES;
				CLANG_WARN_OBJC_LITERAL_CONVERSION = YES;
				CLANG_WARN_OBJC_ROOT_CLASS = YES_ERROR;
				CLANG_WARN_RANGE_LOOP_ANALYSIS = YES;
				CLANG_WARN_STRICT_PROTOTYPES = YES;
				CLANG_WARN_SUSPICIOUS_MOVE = YES;
				CLANG_WARN_UNGUARDED_AVAILABILITY = YES_AGGRESSIVE;
				CLANG_WARN_UNREACHABLE_CODE = YES;
				CLANG_WARN__DUPLICATE_METHOD_MATCH = YES;
				COPY_PHASE_STRIP = NO;
				CURRENT_PROJECT_VERSION = 1;
				DEBUG_INFORMATION_FORMAT = "dwarf-with-dsym";
				ENABLE_NS_ASSERTIONS = NO;
				ENABLE_STRICT_OBJC_MSGSEND = YES;
				GCC_C_LANGUAGE_STANDARD = gnu11;
				GCC_NO_COMMON_BLOCKS = YES;
				GCC_WARN_64_TO_32_BIT_CONVERSION = YES;
				GCC_WARN_ABOUT_RETURN_TYPE = YES_ERROR;
				GCC_WARN_UNDECLARED_SELECTOR = YES;
				GCC_WARN_UNINITIALIZED_AUTOS = YES_AGGRESSIVE;
				GCC_WARN_UNUSED_FUNCTION = YES;
				GCC_WARN_UNUSED_VARIABLE = YES;
				IPHONEOS_DEPLOYMENT_TARGET = 13.2;
				MTL_ENABLE_DEBUG_INFO = NO;
				MTL_FAST_MATH = YES;
				SDKROOT = iphoneos;
				VALIDATE_PRODUCT = YES;
				VERSIONING_SYSTEM = "apple-generic";
				VERSION_INFO_PREFIX = "";
			};
			name = Release;
		};
		1046079B24DBB60500F97096 /* Debug */ = {
			isa = XCBuildConfiguration;
			buildSettings = {
				BUILD_LIBRARY_FOR_DISTRIBUTION = YES;
				CODE_SIGN_STYLE = Automatic;
				DEFINES_MODULE = YES;
				DYLIB_COMPATIBILITY_VERSION = 1;
				DYLIB_CURRENT_VERSION = 1;
				DYLIB_INSTALL_NAME_BASE = "@rpath";
				ENABLE_BITCODE = YES;
				ENABLE_TESTABILITY = NO;
				HEADER_SEARCH_PATHS = "\"$(SRCROOT)/libffi\"";
				INFOPLIST_FILE = TTDFKit/Info.plist;
				INSTALL_PATH = "$(LOCAL_LIBRARY_DIR)/Frameworks";
				IPHONEOS_DEPLOYMENT_TARGET = 8.0;
				LD_RUNPATH_SEARCH_PATHS = (
					"$(inherited)",
					"@executable_path/Frameworks",
					"@loader_path/Frameworks",
				);
				LIBRARY_SEARCH_PATHS = (
					"$(inherited)",
					"$(PROJECT_DIR)/libffi",
				);
				MACH_O_TYPE = staticlib;
				PRODUCT_BUNDLE_IDENTIFIER = com.ttpatch.www.TTDFKit;
				PRODUCT_NAME = "$(TARGET_NAME:c99extidentifier)";
				SKIP_INSTALL = YES;
				TARGETED_DEVICE_FAMILY = "1,2";
			};
			name = Debug;
		};
		1046079C24DBB60500F97096 /* Release */ = {
			isa = XCBuildConfiguration;
			buildSettings = {
				BUILD_LIBRARY_FOR_DISTRIBUTION = YES;
				CODE_SIGN_STYLE = Automatic;
				DEFINES_MODULE = YES;
				DYLIB_COMPATIBILITY_VERSION = 1;
				DYLIB_CURRENT_VERSION = 1;
				DYLIB_INSTALL_NAME_BASE = "@rpath";
				ENABLE_BITCODE = YES;
				ENABLE_TESTABILITY = NO;
				HEADER_SEARCH_PATHS = "\"$(SRCROOT)/libffi\"";
				INFOPLIST_FILE = TTDFKit/Info.plist;
				INSTALL_PATH = "$(LOCAL_LIBRARY_DIR)/Frameworks";
				IPHONEOS_DEPLOYMENT_TARGET = 8.0;
				LD_RUNPATH_SEARCH_PATHS = (
					"$(inherited)",
					"@executable_path/Frameworks",
					"@loader_path/Frameworks",
				);
				LIBRARY_SEARCH_PATHS = (
					"$(inherited)",
					"$(PROJECT_DIR)/libffi",
				);
				MACH_O_TYPE = staticlib;
				PRODUCT_BUNDLE_IDENTIFIER = com.ttpatch.www.TTDFKit;
				PRODUCT_NAME = "$(TARGET_NAME:c99extidentifier)";
				SKIP_INSTALL = YES;
				TARGETED_DEVICE_FAMILY = "1,2";
			};
			name = Release;
		};
		1046079E24DBB60500F97096 /* Debug */ = {
			isa = XCBuildConfiguration;
			buildSettings = {
				CODE_SIGN_STYLE = Automatic;
				INFOPLIST_FILE = TTDFKitTests/Info.plist;
				LD_RUNPATH_SEARCH_PATHS = (
					"$(inherited)",
					"@executable_path/Frameworks",
					"@loader_path/Frameworks",
				);
				PRODUCT_BUNDLE_IDENTIFIER = com.ttpatch.www.TTDFKitTests;
				PRODUCT_NAME = "$(TARGET_NAME)";
				TARGETED_DEVICE_FAMILY = "1,2";
			};
			name = Debug;
		};
		1046079F24DBB60500F97096 /* Release */ = {
			isa = XCBuildConfiguration;
			buildSettings = {
				CODE_SIGN_STYLE = Automatic;
				INFOPLIST_FILE = TTDFKitTests/Info.plist;
				LD_RUNPATH_SEARCH_PATHS = (
					"$(inherited)",
					"@executable_path/Frameworks",
					"@loader_path/Frameworks",
				);
				PRODUCT_BUNDLE_IDENTIFIER = com.ttpatch.www.TTDFKitTests;
				PRODUCT_NAME = "$(TARGET_NAME)";
				TARGETED_DEVICE_FAMILY = "1,2";
			};
			name = Release;
		};
/* End XCBuildConfiguration section */

/* Begin XCConfigurationList section */
		1046078024DBB60500F97096 /* Build configuration list for PBXProject "TTDFKit" */ = {
			isa = XCConfigurationList;
			buildConfigurations = (
				1046079824DBB60500F97096 /* Debug */,
				1046079924DBB60500F97096 /* Release */,
			);
			defaultConfigurationIsVisible = 0;
			defaultConfigurationName = Release;
		};
		1046079A24DBB60500F97096 /* Build configuration list for PBXNativeTarget "TTDFKit" */ = {
			isa = XCConfigurationList;
			buildConfigurations = (
				1046079B24DBB60500F97096 /* Debug */,
				1046079C24DBB60500F97096 /* Release */,
			);
			defaultConfigurationIsVisible = 0;
			defaultConfigurationName = Release;
		};
		1046079D24DBB60500F97096 /* Build configuration list for PBXNativeTarget "TTDFKitTests" */ = {
			isa = XCConfigurationList;
			buildConfigurations = (
				1046079E24DBB60500F97096 /* Debug */,
				1046079F24DBB60500F97096 /* Release */,
			);
			defaultConfigurationIsVisible = 0;
			defaultConfigurationName = Release;
		};
/* End XCConfigurationList section */
	};
	rootObject = 1046077D24DBB60500F97096 /* Project object */;
}
