// !$*UTF8*$!
{
	archiveVersion = 1;
	classes = {
	};
	objectVersion = 51;
	objects = {

/* Begin PBXBuildFile section */
		1046081124DBC45800F97096 /* AppDelegate.m in Sources */ = {isa = PBXBuildFile; fileRef = 1046081024DBC45800F97096 /* AppDelegate.m */; };
		1046081424DBC45800F97096 /* SceneDelegate.m in Sources */ = {isa = PBXBuildFile; fileRef = 1046081324DBC45800F97096 /* SceneDelegate.m */; };
		1046081724DBC45800F97096 /* ViewController.m in Sources */ = {isa = PBXBuildFile; fileRef = 1046081624DBC45800F97096 /* ViewController.m */; };
		1046081A24DBC45800F97096 /* Main.storyboard in Resources */ = {isa = PBXBuildFile; fileRef = 1046081824DBC45800F97096 /* Main.storyboard */; };
		1046081C24DBC45800F97096 /* Assets.xcassets in Resources */ = {isa = PBXBuildFile; fileRef = 1046081B24DBC45800F97096 /* Assets.xcassets */; };
		1046081F24DBC45800F97096 /* LaunchScreen.storyboard in Resources */ = {isa = PBXBuildFile; fileRef = 1046081D24DBC45800F97096 /* LaunchScreen.storyboard */; };
		1046082224DBC45800F97096 /* main.m in Sources */ = {isa = PBXBuildFile; fileRef = 1046082124DBC45800F97096 /* main.m */; };
		1046082C24DBC45800F97096 /* ExampleSDKTests.m in Sources */ = {isa = PBXBuildFile; fileRef = 1046082B24DBC45800F97096 /* ExampleSDKTests.m */; };
		96FE9036479842E4F87A6444 /* Pods_ExampleSDK.framework in Frameworks */ = {isa = PBXBuildFile; fileRef = 85024CCBFD6772819310A780 /* Pods_ExampleSDK.framework */; };
/* End PBXBuildFile section */

/* Begin PBXContainerItemProxy section */
		1046082824DBC45800F97096 /* PBXContainerItemProxy */ = {
			isa = PBXContainerItemProxy;
			containerPortal = 1046080424DBC45800F97096 /* Project object */;
			proxyType = 1;
			remoteGlobalIDString = 1046080B24DBC45800F97096;
			remoteInfo = ExampleSDK;
		};
/* End PBXContainerItemProxy section */

/* Begin PBXCopyFilesBuildPhase section */
		1046083A24DBC4F200F97096 /* Embed Frameworks */ = {
			isa = PBXCopyFilesBuildPhase;
			buildActionMask = 2147483647;
			dstPath = "";
			dstSubfolderSpec = 10;
			files = (
			);
			name = "Embed Frameworks";
			runOnlyForDeploymentPostprocessing = 0;
		};
/* End PBXCopyFilesBuildPhase section */

/* Begin PBXFileReference section */
		1046080C24DBC45800F97096 /* ExampleSDK.app */ = {isa = PBXFileReference; explicitFileType = wrapper.application; includeInIndex = 0; path = ExampleSDK.app; sourceTree = BUILT_PRODUCTS_DIR; };
		1046080F24DBC45800F97096 /* AppDelegate.h */ = {isa = PBXFileReference; lastKnownFileType = sourcecode.c.h; path = AppDelegate.h; sourceTree = "<group>"; };
		1046081024DBC45800F97096 /* AppDelegate.m */ = {isa = PBXFileReference; lastKnownFileType = sourcecode.c.objc; path = AppDelegate.m; sourceTree = "<group>"; };
		1046081224DBC45800F97096 /* SceneDelegate.h */ = {isa = PBXFileReference; lastKnownFileType = sourcecode.c.h; path = SceneDelegate.h; sourceTree = "<group>"; };
		1046081324DBC45800F97096 /* SceneDelegate.m */ = {isa = PBXFileReference; lastKnownFileType = sourcecode.c.objc; path = SceneDelegate.m; sourceTree = "<group>"; };
		1046081524DBC45800F97096 /* ViewController.h */ = {isa = PBXFileReference; lastKnownFileType = sourcecode.c.h; path = ViewController.h; sourceTree = "<group>"; };
		1046081624DBC45800F97096 /* ViewController.m */ = {isa = PBXFileReference; lastKnownFileType = sourcecode.c.objc; path = ViewController.m; sourceTree = "<group>"; };
		1046081924DBC45800F97096 /* Base */ = {isa = PBXFileReference; lastKnownFileType = file.storyboard; name = Base; path = Base.lproj/Main.storyboard; sourceTree = "<group>"; };
		1046081B24DBC45800F97096 /* Assets.xcassets */ = {isa = PBXFileReference; lastKnownFileType = folder.assetcatalog; path = Assets.xcassets; sourceTree = "<group>"; };
		1046081E24DBC45800F97096 /* Base */ = {isa = PBXFileReference; lastKnownFileType = file.storyboard; name = Base; path = Base.lproj/LaunchScreen.storyboard; sourceTree = "<group>"; };
		1046082024DBC45800F97096 /* Info.plist */ = {isa = PBXFileReference; lastKnownFileType = text.plist.xml; path = Info.plist; sourceTree = "<group>"; };
		1046082124DBC45800F97096 /* main.m */ = {isa = PBXFileReference; lastKnownFileType = sourcecode.c.objc; path = main.m; sourceTree = "<group>"; };
		1046082724DBC45800F97096 /* ExampleSDKTests.xctest */ = {isa = PBXFileReference; explicitFileType = wrapper.cfbundle; includeInIndex = 0; path = ExampleSDKTests.xctest; sourceTree = BUILT_PRODUCTS_DIR; };
		1046082B24DBC45800F97096 /* ExampleSDKTests.m */ = {isa = PBXFileReference; lastKnownFileType = sourcecode.c.objc; path = ExampleSDKTests.m; sourceTree = "<group>"; };
		1046082D24DBC45800F97096 /* Info.plist */ = {isa = PBXFileReference; lastKnownFileType = text.plist.xml; path = Info.plist; sourceTree = "<group>"; };
		555586FBB3EAE2A96CA7187F /* Pods-ExampleSDK.debug.xcconfig */ = {isa = PBXFileReference; includeInIndex = 1; lastKnownFileType = text.xcconfig; name = "Pods-ExampleSDK.debug.xcconfig"; path = "Target Support Files/Pods-ExampleSDK/Pods-ExampleSDK.debug.xcconfig"; sourceTree = "<group>"; };
		85024CCBFD6772819310A780 /* Pods_ExampleSDK.framework */ = {isa = PBXFileReference; explicitFileType = wrapper.framework; includeInIndex = 0; path = Pods_ExampleSDK.framework; sourceTree = BUILT_PRODUCTS_DIR; };
		AF2AABAF412EBA9893D7FFB0 /* Pods-ExampleSDK.release.xcconfig */ = {isa = PBXFileReference; includeInIndex = 1; lastKnownFileType = text.xcconfig; name = "Pods-ExampleSDK.release.xcconfig"; path = "Target Support Files/Pods-ExampleSDK/Pods-ExampleSDK.release.xcconfig"; sourceTree = "<group>"; };
/* End PBXFileReference section */

/* Begin PBXFrameworksBuildPhase section */
		1046080924DBC45800F97096 /* Frameworks */ = {
			isa = PBXFrameworksBuildPhase;
			buildActionMask = 2147483647;
			files = (
				96FE9036479842E4F87A6444 /* Pods_ExampleSDK.framework in Frameworks */,
			);
			runOnlyForDeploymentPostprocessing = 0;
		};
		1046082424DBC45800F97096 /* Frameworks */ = {
			isa = PBXFrameworksBuildPhase;
			buildActionMask = 2147483647;
			files = (
			);
			runOnlyForDeploymentPostprocessing = 0;
		};
/* End PBXFrameworksBuildPhase section */

/* Begin PBXGroup section */
		1046080324DBC45800F97096 = {
			isa = PBXGroup;
			children = (
				1046080E24DBC45800F97096 /* ExampleSDK */,
				1046082A24DBC45800F97096 /* ExampleSDKTests */,
				1046080D24DBC45800F97096 /* Products */,
				71C095F43206A308143D6157 /* Pods */,
				95A32FD423F4316B18107EE8 /* Frameworks */,
			);
			sourceTree = "<group>";
		};
		1046080D24DBC45800F97096 /* Products */ = {
			isa = PBXGroup;
			children = (
				1046080C24DBC45800F97096 /* ExampleSDK.app */,
				1046082724DBC45800F97096 /* ExampleSDKTests.xctest */,
			);
			name = Products;
			sourceTree = "<group>";
		};
		1046080E24DBC45800F97096 /* ExampleSDK */ = {
			isa = PBXGroup;
			children = (
				1046080F24DBC45800F97096 /* AppDelegate.h */,
				1046081024DBC45800F97096 /* AppDelegate.m */,
				1046081224DBC45800F97096 /* SceneDelegate.h */,
				1046081324DBC45800F97096 /* SceneDelegate.m */,
				1046081524DBC45800F97096 /* ViewController.h */,
				1046081624DBC45800F97096 /* ViewController.m */,
				1046081824DBC45800F97096 /* Main.storyboard */,
				1046081B24DBC45800F97096 /* Assets.xcassets */,
				1046081D24DBC45800F97096 /* LaunchScreen.storyboard */,
				1046082024DBC45800F97096 /* Info.plist */,
				1046082124DBC45800F97096 /* main.m */,
			);
			path = ExampleSDK;
			sourceTree = "<group>";
		};
		1046082A24DBC45800F97096 /* ExampleSDKTests */ = {
			isa = PBXGroup;
			children = (
				1046082B24DBC45800F97096 /* ExampleSDKTests.m */,
				1046082D24DBC45800F97096 /* Info.plist */,
			);
			path = ExampleSDKTests;
			sourceTree = "<group>";
		};
		71C095F43206A308143D6157 /* Pods */ = {
			isa = PBXGroup;
			children = (
				555586FBB3EAE2A96CA7187F /* Pods-ExampleSDK.debug.xcconfig */,
				AF2AABAF412EBA9893D7FFB0 /* Pods-ExampleSDK.release.xcconfig */,
			);
			path = Pods;
			sourceTree = "<group>";
		};
		95A32FD423F4316B18107EE8 /* Frameworks */ = {
			isa = PBXGroup;
			children = (
				85024CCBFD6772819310A780 /* Pods_ExampleSDK.framework */,
			);
			name = Frameworks;
			sourceTree = "<group>";
		};
/* End PBXGroup section */

/* Begin PBXNativeTarget section */
		1046080B24DBC45800F97096 /* ExampleSDK */ = {
			isa = PBXNativeTarget;
			buildConfigurationList = 1046083024DBC45800F97096 /* Build configuration list for PBXNativeTarget "ExampleSDK" */;
			buildPhases = (
				FE0DCF68B021524D86E4D876 /* [CP] Check Pods Manifest.lock */,
				1046080824DBC45800F97096 /* Sources */,
				1046080924DBC45800F97096 /* Frameworks */,
				1046080A24DBC45800F97096 /* Resources */,
				1046083A24DBC4F200F97096 /* Embed Frameworks */,
				514FF065E22334A646B2DDCF /* [CP] Copy Pods Resources */,
			);
			buildRules = (
			);
			dependencies = (
			);
			name = ExampleSDK;
			productName = ExampleSDK;
			productReference = 1046080C24DBC45800F97096 /* ExampleSDK.app */;
			productType = "com.apple.product-type.application";
		};
		1046082624DBC45800F97096 /* ExampleSDKTests */ = {
			isa = PBXNativeTarget;
			buildConfigurationList = 1046083324DBC45800F97096 /* Build configuration list for PBXNativeTarget "ExampleSDKTests" */;
			buildPhases = (
				1046082324DBC45800F97096 /* Sources */,
				1046082424DBC45800F97096 /* Frameworks */,
				1046082524DBC45800F97096 /* Resources */,
			);
			buildRules = (
			);
			dependencies = (
				1046082924DBC45800F97096 /* PBXTargetDependency */,
			);
			name = ExampleSDKTests;
			productName = ExampleSDKTests;
			productReference = 1046082724DBC45800F97096 /* ExampleSDKTests.xctest */;
			productType = "com.apple.product-type.bundle.unit-test";
		};
/* End PBXNativeTarget section */

/* Begin PBXProject section */
		1046080424DBC45800F97096 /* Project object */ = {
			isa = PBXProject;
			attributes = {
				LastUpgradeCheck = 1130;
				ORGANIZATIONNAME = tianyubing;
				TargetAttributes = {
					1046080B24DBC45800F97096 = {
						CreatedOnToolsVersion = 11.3.1;
					};
					1046082624DBC45800F97096 = {
						CreatedOnToolsVersion = 11.3.1;
						TestTargetID = 1046080B24DBC45800F97096;
					};
				};
			};
			buildConfigurationList = 1046080724DBC45800F97096 /* Build configuration list for PBXProject "ExampleSDK" */;
			compatibilityVersion = "Xcode 9.3";
			developmentRegion = en;
			hasScannedForEncodings = 0;
			knownRegions = (
				en,
				Base,
			);
			mainGroup = 1046080324DBC45800F97096;
			productRefGroup = 1046080D24DBC45800F97096 /* Products */;
			projectDirPath = "";
			projectRoot = "";
			targets = (
				1046080B24DBC45800F97096 /* ExampleSDK */,
				1046082624DBC45800F97096 /* ExampleSDKTests */,
			);
		};
/* End PBXProject section */

/* Begin PBXResourcesBuildPhase section */
		1046080A24DBC45800F97096 /* Resources */ = {
			isa = PBXResourcesBuildPhase;
			buildActionMask = 2147483647;
			files = (
				1046081F24DBC45800F97096 /* LaunchScreen.storyboard in Resources */,
				1046081C24DBC45800F97096 /* Assets.xcassets in Resources */,
				1046081A24DBC45800F97096 /* Main.storyboard in Resources */,
			);
			runOnlyForDeploymentPostprocessing = 0;
		};
		1046082524DBC45800F97096 /* Resources */ = {
			isa = PBXResourcesBuildPhase;
			buildActionMask = 2147483647;
			files = (
			);
			runOnlyForDeploymentPostprocessing = 0;
		};
/* End PBXResourcesBuildPhase section */

/* Begin PBXShellScriptBuildPhase section */
		514FF065E22334A646B2DDCF /* [CP] Copy Pods Resources */ = {
			isa = PBXShellScriptBuildPhase;
			buildActionMask = 2147483647;
			files = (
			);
			inputFileListPaths = (
				"${PODS_ROOT}/Target Support Files/Pods-ExampleSDK/Pods-ExampleSDK-resources-${CONFIGURATION}-input-files.xcfilelist",
			);
			name = "[CP] Copy Pods Resources";
			outputFileListPaths = (
				"${PODS_ROOT}/Target Support Files/Pods-ExampleSDK/Pods-ExampleSDK-resources-${CONFIGURATION}-output-files.xcfilelist",
			);
			runOnlyForDeploymentPostprocessing = 0;
			shellPath = /bin/sh;
			shellScript = "\"${PODS_ROOT}/Target Support Files/Pods-ExampleSDK/Pods-ExampleSDK-resources.sh\"\n";
			showEnvVarsInLog = 0;
		};
		FE0DCF68B021524D86E4D876 /* [CP] Check Pods Manifest.lock */ = {
			isa = PBXShellScriptBuildPhase;
			buildActionMask = 2147483647;
			files = (
			);
			inputFileListPaths = (
			);
			inputPaths = (
				"${PODS_PODFILE_DIR_PATH}/Podfile.lock",
				"${PODS_ROOT}/Manifest.lock",
			);
			name = "[CP] Check Pods Manifest.lock";
			outputFileListPaths = (
			);
			outputPaths = (
				"$(DERIVED_FILE_DIR)/Pods-ExampleSDK-checkManifestLockResult.txt",
			);
			runOnlyForDeploymentPostprocessing = 0;
			shellPath = /bin/sh;
			shellScript = "diff \"${PODS_PODFILE_DIR_PATH}/Podfile.lock\" \"${PODS_ROOT}/Manifest.lock\" > /dev/null\nif [ $? != 0 ] ; then\n    # print error to STDERR\n    echo \"error: The sandbox is not in sync with the Podfile.lock. Run 'pod install' or update your CocoaPods installation.\" >&2\n    exit 1\nfi\n# This output is used by Xcode 'outputs' to avoid re-running this script phase.\necho \"SUCCESS\" > \"${SCRIPT_OUTPUT_FILE_0}\"\n";
			showEnvVarsInLog = 0;
		};
/* End PBXShellScriptBuildPhase section */

/* Begin PBXSourcesBuildPhase section */
		1046080824DBC45800F97096 /* Sources */ = {
			isa = PBXSourcesBuildPhase;
			buildActionMask = 2147483647;
			files = (
				1046081724DBC45800F97096 /* ViewController.m in Sources */,
				1046081124DBC45800F97096 /* AppDelegate.m in Sources */,
				1046082224DBC45800F97096 /* main.m in Sources */,
				1046081424DBC45800F97096 /* SceneDelegate.m in Sources */,
			);
			runOnlyForDeploymentPostprocessing = 0;
		};
		1046082324DBC45800F97096 /* Sources */ = {
			isa = PBXSourcesBuildPhase;
			buildActionMask = 2147483647;
			files = (
				1046082C24DBC45800F97096 /* ExampleSDKTests.m in Sources */,
			);
			runOnlyForDeploymentPostprocessing = 0;
		};
/* End PBXSourcesBuildPhase section */

/* Begin PBXTargetDependency section */
		1046082924DBC45800F97096 /* PBXTargetDependency */ = {
			isa = PBXTargetDependency;
			target = 1046080B24DBC45800F97096 /* ExampleSDK */;
			targetProxy = 1046082824DBC45800F97096 /* PBXContainerItemProxy */;
		};
/* End PBXTargetDependency section */

/* Begin PBXVariantGroup section */
		1046081824DBC45800F97096 /* Main.storyboard */ = {
			isa = PBXVariantGroup;
			children = (
				1046081924DBC45800F97096 /* Base */,
			);
			name = Main.storyboard;
			sourceTree = "<group>";
		};
		1046081D24DBC45800F97096 /* LaunchScreen.storyboard */ = {
			isa = PBXVariantGroup;
			children = (
				1046081E24DBC45800F97096 /* Base */,
			);
			name = LaunchScreen.storyboard;
			sourceTree = "<group>";
		};
/* End PBXVariantGroup section */

/* Begin XCBuildConfiguration section */
		1046082E24DBC45800F97096 /* Debug */ = {
			isa = XCBuildConfiguration;
			buildSettings = {
				ALWAYS_SEARCH_USER_PATHS = NO;
				CLANG_ANALYZER_NONNULL = YES;
				CLANG_ANALYZER_NUMBER_OBJECT_CONVERSION = YES_AGGRESSIVE;
				CLANG_CXX_LANGUAGE_STANDARD = "gnu++14";
				CLANG_CXX_LIBRARY = "libc++";
				CLANG_ENABLE_MODULES = YES;
				CLANG_ENABLE_OBJC_ARC = YES;
				CLANG_ENABLE_OBJC_WEAK = YES;
				CLANG_WARN_BLOCK_CAPTURE_AUTORELEASING = YES;
				CLANG_WARN_BOOL_CONVERSION = YES;
				CLANG_WARN_COMMA = YES;
				CLANG_WARN_CONSTANT_CONVERSION = YES;
				CLANG_WARN_DEPRECATED_OBJC_IMPLEMENTATIONS = YES;
				CLANG_WARN_DIRECT_OBJC_ISA_USAGE = YES_ERROR;
				CLANG_WARN_DOCUMENTATION_COMMENTS = YES;
				CLANG_WARN_EMPTY_BODY = YES;
				CLANG_WARN_ENUM_CONVERSION = YES;
				CLANG_WARN_INFINITE_RECURSION = YES;
				CLANG_WARN_INT_CONVERSION = YES;
				CLANG_WARN_NON_LITERAL_NULL_CONVERSION = YES;
				CLANG_WARN_OBJC_IMPLICIT_RETAIN_SELF = YES;
				CLANG_WARN_OBJC_LITERAL_CONVERSION = YES;
				CLANG_WARN_OBJC_ROOT_CLASS = YES_ERROR;
				CLANG_WARN_RANGE_LOOP_ANALYSIS = YES;
				CLANG_WARN_STRICT_PROTOTYPES = YES;
				CLANG_WARN_SUSPICIOUS_MOVE = YES;
				CLANG_WARN_UNGUARDED_AVAILABILITY = YES_AGGRESSIVE;
				CLANG_WARN_UNREACHABLE_CODE = YES;
				CLANG_WARN__DUPLICATE_METHOD_MATCH = YES;
				COPY_PHASE_STRIP = NO;
				DEBUG_INFORMATION_FORMAT = dwarf;
				ENABLE_STRICT_OBJC_MSGSEND = YES;
				ENABLE_TESTABILITY = YES;
				GCC_C_LANGUAGE_STANDARD = gnu11;
				GCC_DYNAMIC_NO_PIC = NO;
				GCC_NO_COMMON_BLOCKS = YES;
				GCC_OPTIMIZATION_LEVEL = 0;
				GCC_PREPROCESSOR_DEFINITIONS = (
					"DEBUG=1",
					"$(inherited)",
				);
				GCC_WARN_64_TO_32_BIT_CONVERSION = YES;
				GCC_WARN_ABOUT_RETURN_TYPE = YES_ERROR;
				GCC_WARN_UNDECLARED_SELECTOR = YES;
				GCC_WARN_UNINITIALIZED_AUTOS = YES_AGGRESSIVE;
				GCC_WARN_UNUSED_FUNCTION = YES;
				GCC_WARN_UNUSED_VARIABLE = YES;
				IPHONEOS_DEPLOYMENT_TARGET = 13.2;
				MTL_ENABLE_DEBUG_INFO = INCLUDE_SOURCE;
				MTL_FAST_MATH = YES;
				ONLY_ACTIVE_ARCH = YES;
				SDKROOT = iphoneos;
			};
			name = Debug;
		};
		1046082F24DBC45800F97096 /* Release */ = {
			isa = XCBuildConfiguration;
			buildSettings = {
				ALWAYS_SEARCH_USER_PATHS = NO;
				CLANG_ANALYZER_NONNULL = YES;
				CLANG_ANALYZER_NUMBER_OBJECT_CONVERSION = YES_AGGRESSIVE;
				CLANG_CXX_LANGUAGE_STANDARD = "gnu++14";
				CLANG_CXX_LIBRARY = "libc++";
				CLANG_ENABLE_MODULES = YES;
				CLANG_ENABLE_OBJC_ARC = YES;
				CLANG_ENABLE_OBJC_WEAK = YES;
				CLANG_WARN_BLOCK_CAPTURE_AUTORELEASING = YES;
				CLANG_WARN_BOOL_CONVERSION = YES;
				CLANG_WARN_COMMA = YES;
				CLANG_WARN_CONSTANT_CONVERSION = YES;
				CLANG_WARN_DEPRECATED_OBJC_IMPLEMENTATIONS = YES;
				CLANG_WARN_DIRECT_OBJC_ISA_USAGE = YES_ERROR;
				CLANG_WARN_DOCUMENTATION_COMMENTS = YES;
				CLANG_WARN_EMPTY_BODY = YES;
				CLANG_WARN_ENUM_CONVERSION = YES;
				CLANG_WARN_INFINITE_RECURSION = YES;
				CLANG_WARN_INT_CONVERSION = YES;
				CLANG_WARN_NON_LITERAL_NULL_CONVERSION = YES;
				CLANG_WARN_OBJC_IMPLICIT_RETAIN_SELF = YES;
				CLANG_WARN_OBJC_LITERAL_CONVERSION = YES;
				CLANG_WARN_OBJC_ROOT_CLASS = YES_ERROR;
				CLANG_WARN_RANGE_LOOP_ANALYSIS = YES;
				CLANG_WARN_STRICT_PROTOTYPES = YES;
				CLANG_WARN_SUSPICIOUS_MOVE = YES;
				CLANG_WARN_UNGUARDED_AVAILABILITY = YES_AGGRESSIVE;
				CLANG_WARN_UNREACHABLE_CODE = YES;
				CLANG_WARN__DUPLICATE_METHOD_MATCH = YES;
				COPY_PHASE_STRIP = NO;
				DEBUG_INFORMATION_FORMAT = "dwarf-with-dsym";
				ENABLE_NS_ASSERTIONS = NO;
				ENABLE_STRICT_OBJC_MSGSEND = YES;
				GCC_C_LANGUAGE_STANDARD = gnu11;
				GCC_NO_COMMON_BLOCKS = YES;
				GCC_WARN_64_TO_32_BIT_CONVERSION = YES;
				GCC_WARN_ABOUT_RETURN_TYPE = YES_ERROR;
				GCC_WARN_UNDECLARED_SELECTOR = YES;
				GCC_WARN_UNINITIALIZED_AUTOS = YES_AGGRESSIVE;
				GCC_WARN_UNUSED_FUNCTION = YES;
				GCC_WARN_UNUSED_VARIABLE = YES;
				IPHONEOS_DEPLOYMENT_TARGET = 13.2;
				MTL_ENABLE_DEBUG_INFO = NO;
				MTL_FAST_MATH = YES;
				SDKROOT = iphoneos;
				VALIDATE_PRODUCT = YES;
			};
			name = Release;
		};
		1046083124DBC45800F97096 /* Debug */ = {
			isa = XCBuildConfiguration;
			baseConfigurationReference = 555586FBB3EAE2A96CA7187F /* Pods-ExampleSDK.debug.xcconfig */;
			buildSettings = {
				ASSETCATALOG_COMPILER_APPICON_NAME = AppIcon;
				CODE_SIGN_STYLE = Automatic;
				FRAMEWORK_SEARCH_PATHS = (
					"$(inherited)",
					"$(PROJECT_DIR)/ExampleSDK",
				);
				INFOPLIST_FILE = ExampleSDK/Info.plist;
				LD_RUNPATH_SEARCH_PATHS = (
					"$(inherited)",
					"@executable_path/Frameworks",
				);
				PRODUCT_BUNDLE_IDENTIFIER = com.ttpatch.www.ExampleSDK;
				PRODUCT_NAME = "$(TARGET_NAME)";
				TARGETED_DEVICE_FAMILY = "1,2";
			};
			name = Debug;
		};
		1046083224DBC45800F97096 /* Release */ = {
			isa = XCBuildConfiguration;
			baseConfigurationReference = AF2AABAF412EBA9893D7FFB0 /* Pods-ExampleSDK.release.xcconfig */;
			buildSettings = {
				ASSETCATALOG_COMPILER_APPICON_NAME = AppIcon;
				CODE_SIGN_STYLE = Automatic;
				FRAMEWORK_SEARCH_PATHS = (
					"$(inherited)",
					"$(PROJECT_DIR)/ExampleSDK",
				);
				INFOPLIST_FILE = ExampleSDK/Info.plist;
				LD_RUNPATH_SEARCH_PATHS = (
					"$(inherited)",
					"@executable_path/Frameworks",
				);
				PRODUCT_BUNDLE_IDENTIFIER = com.ttpatch.www.ExampleSDK;
				PRODUCT_NAME = "$(TARGET_NAME)";
				TARGETED_DEVICE_FAMILY = "1,2";
			};
			name = Release;
		};
		1046083424DBC45800F97096 /* Debug */ = {
			isa = XCBuildConfiguration;
			buildSettings = {
				BUNDLE_LOADER = "$(TEST_HOST)";
				CODE_SIGN_STYLE = Automatic;
				INFOPLIST_FILE = ExampleSDKTests/Info.plist;
				IPHONEOS_DEPLOYMENT_TARGET = 13.2;
				LD_RUNPATH_SEARCH_PATHS = (
					"$(inherited)",
					"@executable_path/Frameworks",
					"@loader_path/Frameworks",
				);
				PRODUCT_BUNDLE_IDENTIFIER = com.ttpatch.www.ExampleSDKTests;
				PRODUCT_NAME = "$(TARGET_NAME)";
				TARGETED_DEVICE_FAMILY = "1,2";
				TEST_HOST = "$(BUILT_PRODUCTS_DIR)/ExampleSDK.app/ExampleSDK";
			};
			name = Debug;
		};
		1046083524DBC45800F97096 /* Release */ = {
			isa = XCBuildConfiguration;
			buildSettings = {
				BUNDLE_LOADER = "$(TEST_HOST)";
				CODE_SIGN_STYLE = Automatic;
				INFOPLIST_FILE = ExampleSDKTests/Info.plist;
				IPHONEOS_DEPLOYMENT_TARGET = 13.2;
				LD_RUNPATH_SEARCH_PATHS = (
					"$(inherited)",
					"@executable_path/Frameworks",
					"@loader_path/Frameworks",
				);
				PRODUCT_BUNDLE_IDENTIFIER = com.ttpatch.www.ExampleSDKTests;
				PRODUCT_NAME = "$(TARGET_NAME)";
				TARGETED_DEVICE_FAMILY = "1,2";
				TEST_HOST = "$(BUILT_PRODUCTS_DIR)/ExampleSDK.app/ExampleSDK";
			};
			name = Release;
		};
/* End XCBuildConfiguration section */

/* Begin XCConfigurationList section */
		1046080724DBC45800F97096 /* Build configuration list for PBXProject "ExampleSDK" */ = {
			isa = XCConfigurationList;
			buildConfigurations = (
				1046082E24DBC45800F97096 /* Debug */,
				1046082F24DBC45800F97096 /* Release */,
			);
			defaultConfigurationIsVisible = 0;
			defaultConfigurationName = Release;
		};
		1046083024DBC45800F97096 /* Build configuration list for PBXNativeTarget "ExampleSDK" */ = {
			isa = XCConfigurationList;
			buildConfigurations = (
				1046083124DBC45800F97096 /* Debug */,
				1046083224DBC45800F97096 /* Release */,
			);
			defaultConfigurationIsVisible = 0;
			defaultConfigurationName = Release;
		};
		1046083324DBC45800F97096 /* Build configuration list for PBXNativeTarget "ExampleSDKTests" */ = {
			isa = XCConfigurationList;
			buildConfigurations = (
				1046083424DBC45800F97096 /* Debug */,
				1046083524DBC45800F97096 /* Release */,
			);
			defaultConfigurationIsVisible = 0;
			defaultConfigurationName = Release;
		};
/* End XCConfigurationList section */
	};
	rootObject = 1046080424DBC45800F97096 /* Project object */;
}
