// !$*UTF8*$!
{
	archiveVersion = 1;
	classes = {
	};
	objectVersion = 51;
	objects = {

/* Begin PBXAggregateTarget section */
		10505DAD23CF02FF000CBBF0 /* appdoc */ = {
			isa = PBXAggregateTarget;
			buildConfigurationList = 10505DAE23CF02FF000CBBF0 /* Build configuration list for PBXAggregateTarget "appdoc" */;
			buildPhases = (
				10505DB123CF0305000CBBF0 /* ShellScript */,
			);
			dependencies = (
			);
			name = appdoc;
			productName = appdoc;
		};
/* End PBXAggregateTarget section */

/* Begin PBXBuildFile section */
		1014C25F22CB16C000132618 /* AppDelegate.m in Sources */ = {isa = PBXBuildFile; fileRef = 1014C25E22CB16C000132618 /* AppDelegate.m */; };
		1014C26522CB16C000132618 /* Main.storyboard in Resources */ = {isa = PBXBuildFile; fileRef = 1014C26322CB16C000132618 /* Main.storyboard */; };
		1014C26722CB16C400132618 /* Assets.xcassets in Resources */ = {isa = PBXBuildFile; fileRef = 1014C26622CB16C400132618 /* Assets.xcassets */; };
		1014C26A22CB16C400132618 /* LaunchScreen.storyboard in Resources */ = {isa = PBXBuildFile; fileRef = 1014C26822CB16C400132618 /* LaunchScreen.storyboard */; };
		1014C26D22CB16C400132618 /* main.m in Sources */ = {isa = PBXBuildFile; fileRef = 1014C26C22CB16C400132618 /* main.m */; };
		1014C2A022CB17E700132618 /* RootViewController.m in Sources */ = {isa = PBXBuildFile; fileRef = 1014C29822CB17E600132618 /* RootViewController.m */; };
		1014C2A122CB17E700132618 /* MainViewController.m in Sources */ = {isa = PBXBuildFile; fileRef = 1014C29922CB17E600132618 /* MainViewController.m */; };
		1014C2B722CB1B5000132618 /* SGDirWatchdog.m in Sources */ = {isa = PBXBuildFile; fileRef = 1014C2B622CB1B5000132618 /* SGDirWatchdog.m */; };
		102D64CE2434794A00EED7AE /* ViewController.m in Sources */ = {isa = PBXBuildFile; fileRef = 102D64C22434794A00EED7AE /* ViewController.m */; };
		102D64CF2434794A00EED7AE /* BlockViewController.m in Sources */ = {isa = PBXBuildFile; fileRef = 102D64C32434794A00EED7AE /* BlockViewController.m */; };
		102D64D22434794A00EED7AE /* TTPlaygroundController.m in Sources */ = {isa = PBXBuildFile; fileRef = 102D64CC2434794A00EED7AE /* TTPlaygroundController.m */; };
		102D64FE2434D25300EED7AE /* TTPatch.js in Resources */ = {isa = PBXBuildFile; fileRef = 102D64F42434D25300EED7AE /* TTPatch.js */; };
		102D64FF2434D25300EED7AE /* TTPatchModels.m in Sources */ = {isa = PBXBuildFile; fileRef = 102D64F52434D25300EED7AE /* TTPatchModels.m */; };
		102D65002434D25300EED7AE /* TTContext.m in Sources */ = {isa = PBXBuildFile; fileRef = 102D64F82434D25300EED7AE /* TTContext.m */; };
		102D65012434D25300EED7AE /* TTPatch.m in Sources */ = {isa = PBXBuildFile; fileRef = 102D64F92434D25300EED7AE /* TTPatch.m */; };
		102D65022434D25300EED7AE /* TTPatchMethodCleaner.m in Sources */ = {isa = PBXBuildFile; fileRef = 102D64FA2434D25300EED7AE /* TTPatchMethodCleaner.m */; };
		102D65032434D25300EED7AE /* TTPatchUtils.m in Sources */ = {isa = PBXBuildFile; fileRef = 102D64FD2434D25300EED7AE /* TTPatchUtils.m */; };
		10B102AD242E294E00D62E6E /* TaoBaoHome.m in Sources */ = {isa = PBXBuildFile; fileRef = 10B102AC242E294E00D62E6E /* TaoBaoHome.m */; };
		A05E0F6D2107FD30B4DB7424 /* Pods_Example.framework in Frameworks */ = {isa = PBXBuildFile; fileRef = 474D1358ED147C13E1337BEA /* Pods_Example.framework */; };
/* End PBXBuildFile section */

/* Begin PBXFileReference section */
		1014C25A22CB16C000132618 /* Example.app */ = {isa = PBXFileReference; explicitFileType = wrapper.application; includeInIndex = 0; path = Example.app; sourceTree = BUILT_PRODUCTS_DIR; };
		1014C25D22CB16C000132618 /* AppDelegate.h */ = {isa = PBXFileReference; lastKnownFileType = sourcecode.c.h; path = AppDelegate.h; sourceTree = "<group>"; };
		1014C25E22CB16C000132618 /* AppDelegate.m */ = {isa = PBXFileReference; lastKnownFileType = sourcecode.c.objc; path = AppDelegate.m; sourceTree = "<group>"; };
		1014C26422CB16C000132618 /* Base */ = {isa = PBXFileReference; lastKnownFileType = file.storyboard; name = Base; path = Base.lproj/Main.storyboard; sourceTree = "<group>"; };
		1014C26622CB16C400132618 /* Assets.xcassets */ = {isa = PBXFileReference; lastKnownFileType = folder.assetcatalog; path = Assets.xcassets; sourceTree = "<group>"; };
		1014C26922CB16C400132618 /* Base */ = {isa = PBXFileReference; lastKnownFileType = file.storyboard; name = Base; path = Base.lproj/LaunchScreen.storyboard; sourceTree = "<group>"; };
		1014C26B22CB16C400132618 /* Info.plist */ = {isa = PBXFileReference; lastKnownFileType = text.plist.xml; path = Info.plist; sourceTree = "<group>"; };
		1014C26C22CB16C400132618 /* main.m */ = {isa = PBXFileReference; lastKnownFileType = sourcecode.c.objc; path = main.m; sourceTree = "<group>"; };
		1014C29822CB17E600132618 /* RootViewController.m */ = {isa = PBXFileReference; fileEncoding = 4; lastKnownFileType = sourcecode.c.objc; path = RootViewController.m; sourceTree = "<group>"; };
		1014C29922CB17E600132618 /* MainViewController.m */ = {isa = PBXFileReference; fileEncoding = 4; lastKnownFileType = sourcecode.c.objc; path = MainViewController.m; sourceTree = "<group>"; };
		1014C29B22CB17E600132618 /* RootViewController.h */ = {isa = PBXFileReference; fileEncoding = 4; lastKnownFileType = sourcecode.c.h; path = RootViewController.h; sourceTree = "<group>"; };
		1014C29D22CB17E700132618 /* MainViewController.h */ = {isa = PBXFileReference; fileEncoding = 4; lastKnownFileType = sourcecode.c.h; path = MainViewController.h; sourceTree = "<group>"; };
		1014C2B522CB1B5000132618 /* SGDirWatchdog.h */ = {isa = PBXFileReference; fileEncoding = 4; lastKnownFileType = sourcecode.c.h; path = SGDirWatchdog.h; sourceTree = "<group>"; };
		1014C2B622CB1B5000132618 /* SGDirWatchdog.m */ = {isa = PBXFileReference; fileEncoding = 4; lastKnownFileType = sourcecode.c.objc; path = SGDirWatchdog.m; sourceTree = "<group>"; };
		102D64C22434794A00EED7AE /* ViewController.m */ = {isa = PBXFileReference; fileEncoding = 4; lastKnownFileType = sourcecode.c.objc; path = ViewController.m; sourceTree = "<group>"; };
		102D64C32434794A00EED7AE /* BlockViewController.m */ = {isa = PBXFileReference; fileEncoding = 4; lastKnownFileType = sourcecode.c.objc; path = BlockViewController.m; sourceTree = "<group>"; };
		102D64C42434794A00EED7AE /* BlockViewController.h */ = {isa = PBXFileReference; fileEncoding = 4; lastKnownFileType = sourcecode.c.h; path = BlockViewController.h; sourceTree = "<group>"; };
		102D64C52434794A00EED7AE /* ViewController.h */ = {isa = PBXFileReference; fileEncoding = 4; lastKnownFileType = sourcecode.c.h; path = ViewController.h; sourceTree = "<group>"; };
		102D64CC2434794A00EED7AE /* TTPlaygroundController.m */ = {isa = PBXFileReference; fileEncoding = 4; lastKnownFileType = sourcecode.c.objc; path = TTPlaygroundController.m; sourceTree = "<group>"; };
		102D64CD2434794A00EED7AE /* TTPlaygroundController.h */ = {isa = PBXFileReference; fileEncoding = 4; lastKnownFileType = sourcecode.c.h; path = TTPlaygroundController.h; sourceTree = "<group>"; };
		102D64F22434D25300EED7AE /* TTPatch.h */ = {isa = PBXFileReference; fileEncoding = 4; lastKnownFileType = sourcecode.c.h; path = TTPatch.h; sourceTree = "<group>"; };
		102D64F32434D25300EED7AE /* TTContext.h */ = {isa = PBXFileReference; fileEncoding = 4; lastKnownFileType = sourcecode.c.h; path = TTContext.h; sourceTree = "<group>"; };
		102D64F42434D25300EED7AE /* TTPatch.js */ = {isa = PBXFileReference; fileEncoding = 4; lastKnownFileType = sourcecode.javascript; path = TTPatch.js; sourceTree = "<group>"; };
		102D64F52434D25300EED7AE /* TTPatchModels.m */ = {isa = PBXFileReference; fileEncoding = 4; lastKnownFileType = sourcecode.c.objc; path = TTPatchModels.m; sourceTree = "<group>"; };
		102D64F62434D25300EED7AE /* TTPatchMethodCleaner.h */ = {isa = PBXFileReference; fileEncoding = 4; lastKnownFileType = sourcecode.c.h; path = TTPatchMethodCleaner.h; sourceTree = "<group>"; };
		102D64F72434D25300EED7AE /* TTPatchUtils.h */ = {isa = PBXFileReference; fileEncoding = 4; lastKnownFileType = sourcecode.c.h; path = TTPatchUtils.h; sourceTree = "<group>"; };
		102D64F82434D25300EED7AE /* TTContext.m */ = {isa = PBXFileReference; fileEncoding = 4; lastKnownFileType = sourcecode.c.objc; path = TTContext.m; sourceTree = "<group>"; };
		102D64F92434D25300EED7AE /* TTPatch.m */ = {isa = PBXFileReference; fileEncoding = 4; lastKnownFileType = sourcecode.c.objc; path = TTPatch.m; sourceTree = "<group>"; };
		102D64FA2434D25300EED7AE /* TTPatchMethodCleaner.m */ = {isa = PBXFileReference; fileEncoding = 4; lastKnownFileType = sourcecode.c.objc; path = TTPatchMethodCleaner.m; sourceTree = "<group>"; };
		102D64FB2434D25300EED7AE /* TTPatchModels.h */ = {isa = PBXFileReference; fileEncoding = 4; lastKnownFileType = sourcecode.c.h; path = TTPatchModels.h; sourceTree = "<group>"; };
		102D64FC2434D25300EED7AE /* TTPatchKit.h */ = {isa = PBXFileReference; fileEncoding = 4; lastKnownFileType = sourcecode.c.h; path = TTPatchKit.h; sourceTree = "<group>"; };
		102D64FD2434D25300EED7AE /* TTPatchUtils.m */ = {isa = PBXFileReference; fileEncoding = 4; lastKnownFileType = sourcecode.c.objc; path = TTPatchUtils.m; sourceTree = "<group>"; };
		10B102AB242E294E00D62E6E /* TaoBaoHome.h */ = {isa = PBXFileReference; lastKnownFileType = sourcecode.c.h; path = TaoBaoHome.h; sourceTree = "<group>"; };
		10B102AC242E294E00D62E6E /* TaoBaoHome.m */ = {isa = PBXFileReference; lastKnownFileType = sourcecode.c.objc; path = TaoBaoHome.m; sourceTree = "<group>"; };
		474D1358ED147C13E1337BEA /* Pods_Example.framework */ = {isa = PBXFileReference; explicitFileType = wrapper.framework; includeInIndex = 0; path = Pods_Example.framework; sourceTree = BUILT_PRODUCTS_DIR; };
		67A6FD84A8BE9A2F1720D1E5 /* Pods-Example.debug.xcconfig */ = {isa = PBXFileReference; includeInIndex = 1; lastKnownFileType = text.xcconfig; name = "Pods-Example.debug.xcconfig"; path = "Target Support Files/Pods-Example/Pods-Example.debug.xcconfig"; sourceTree = "<group>"; };
		E85B47CF39DC3B5A404C9FCE /* Pods-Example.release.xcconfig */ = {isa = PBXFileReference; includeInIndex = 1; lastKnownFileType = text.xcconfig; name = "Pods-Example.release.xcconfig"; path = "Target Support Files/Pods-Example/Pods-Example.release.xcconfig"; sourceTree = "<group>"; };
/* End PBXFileReference section */

/* Begin PBXFrameworksBuildPhase section */
		1014C25722CB16C000132618 /* Frameworks */ = {
			isa = PBXFrameworksBuildPhase;
			buildActionMask = 2147483647;
			files = (
				A05E0F6D2107FD30B4DB7424 /* Pods_Example.framework in Frameworks */,
			);
			runOnlyForDeploymentPostprocessing = 0;
		};
/* End PBXFrameworksBuildPhase section */

/* Begin PBXGroup section */
		1014C25122CB16C000132618 = {
			isa = PBXGroup;
			children = (
				1014C25C22CB16C000132618 /* Example */,
				1014C25B22CB16C000132618 /* Products */,
				495018408DBFB9381C922E98 /* Pods */,
				A6A49EC2EFCC9E65DD4B8B25 /* Frameworks */,
			);
			sourceTree = "<group>";
		};
		1014C25B22CB16C000132618 /* Products */ = {
			isa = PBXGroup;
			children = (
				1014C25A22CB16C000132618 /* Example.app */,
			);
			name = Products;
			sourceTree = "<group>";
		};
		1014C25C22CB16C000132618 /* Example */ = {
			isa = PBXGroup;
			children = (
				102D64F12434D25300EED7AE /* TTPatch */,
				102D64E62434875E00EED7AE /* outputs */,
				102D64CB2434794A00EED7AE /* 基础用法模板 */,
				102D64C12434794A00EED7AE /* 实际场景 */,
				1014C2B422CB1B5000132618 /* libs */,
				1014C25D22CB16C000132618 /* AppDelegate.h */,
				1014C25E22CB16C000132618 /* AppDelegate.m */,
				1014C29D22CB17E700132618 /* MainViewController.h */,
				1014C29922CB17E600132618 /* MainViewController.m */,
				10B102AA242E28EE00D62E6E /* bugfix */,
				1014C29B22CB17E600132618 /* RootViewController.h */,
				1014C29822CB17E600132618 /* RootViewController.m */,
				1014C26322CB16C000132618 /* Main.storyboard */,
				1014C26622CB16C400132618 /* Assets.xcassets */,
				1014C26822CB16C400132618 /* LaunchScreen.storyboard */,
				1014C26B22CB16C400132618 /* Info.plist */,
				1014C26C22CB16C400132618 /* main.m */,
			);
			path = Example;
			sourceTree = "<group>";
		};
		1014C2B422CB1B5000132618 /* libs */ = {
			isa = PBXGroup;
			children = (
				1014C2B522CB1B5000132618 /* SGDirWatchdog.h */,
				1014C2B622CB1B5000132618 /* SGDirWatchdog.m */,
			);
			name = libs;
			path = ../../libs;
			sourceTree = "<group>";
		};
		102D64C12434794A00EED7AE /* 实际场景 */ = {
			isa = PBXGroup;
			children = (
				102D64C22434794A00EED7AE /* ViewController.m */,
				102D64C32434794A00EED7AE /* BlockViewController.m */,
				102D64C42434794A00EED7AE /* BlockViewController.h */,
				102D64C52434794A00EED7AE /* ViewController.h */,
			);
			path = "实际场景";
			sourceTree = "<group>";
		};
		102D64CB2434794A00EED7AE /* 基础用法模板 */ = {
			isa = PBXGroup;
			children = (
				102D64CC2434794A00EED7AE /* TTPlaygroundController.m */,
				102D64CD2434794A00EED7AE /* TTPlaygroundController.h */,
			);
			path = "基础用法模板";
			sourceTree = "<group>";
		};
		102D64E62434875E00EED7AE /* outputs */ = {
			isa = PBXGroup;
			children = (
			);
			name = outputs;
			path = ../../JS/outputs;
			sourceTree = "<group>";
		};
		102D64F12434D25300EED7AE /* TTPatch */ = {
			isa = PBXGroup;
			children = (
				102D64F22434D25300EED7AE /* TTPatch.h */,
				102D64F32434D25300EED7AE /* TTContext.h */,
				102D64F42434D25300EED7AE /* TTPatch.js */,
				102D64F52434D25300EED7AE /* TTPatchModels.m */,
				102D64F62434D25300EED7AE /* TTPatchMethodCleaner.h */,
				102D64F72434D25300EED7AE /* TTPatchUtils.h */,
				102D64F82434D25300EED7AE /* TTContext.m */,
				102D64F92434D25300EED7AE /* TTPatch.m */,
				102D64FA2434D25300EED7AE /* TTPatchMethodCleaner.m */,
				102D64FB2434D25300EED7AE /* TTPatchModels.h */,
				102D64FC2434D25300EED7AE /* TTPatchKit.h */,
				102D64FD2434D25300EED7AE /* TTPatchUtils.m */,
			);
			name = TTPatch;
			path = ../../TTPatch;
			sourceTree = "<group>";
		};
		10B102AA242E28EE00D62E6E /* bugfix */ = {
			isa = PBXGroup;
			children = (
				10B102AB242E294E00D62E6E /* TaoBaoHome.h */,
				10B102AC242E294E00D62E6E /* TaoBaoHome.m */,
			);
			path = bugfix;
			sourceTree = "<group>";
		};
		495018408DBFB9381C922E98 /* Pods */ = {
			isa = PBXGroup;
			children = (
				67A6FD84A8BE9A2F1720D1E5 /* Pods-Example.debug.xcconfig */,
				E85B47CF39DC3B5A404C9FCE /* Pods-Example.release.xcconfig */,
			);
			path = Pods;
			sourceTree = "<group>";
		};
		A6A49EC2EFCC9E65DD4B8B25 /* Frameworks */ = {
			isa = PBXGroup;
			children = (
				474D1358ED147C13E1337BEA /* Pods_Example.framework */,
			);
			name = Frameworks;
			sourceTree = "<group>";
		};
/* End PBXGroup section */

/* Begin PBXNativeTarget section */
		1014C25922CB16C000132618 /* Example */ = {
			isa = PBXNativeTarget;
			buildConfigurationList = 1014C27022CB16C400132618 /* Build configuration list for PBXNativeTarget "Example" */;
			buildPhases = (
				987BD3957D65A85079578143 /* [CP] Check Pods Manifest.lock */,
				1014C25622CB16C000132618 /* Sources */,
				1014C25722CB16C000132618 /* Frameworks */,
				1014C25822CB16C000132618 /* Resources */,
				10B102A5242E0A5300D62E6E /* ShellScript */,
				2E7ED8980D5E213CBB1B3F1E /* [CP] Embed Pods Frameworks */,
			);
			buildRules = (
			);
			dependencies = (
			);
			name = Example;
			productName = Example;
			productReference = 1014C25A22CB16C000132618 /* Example.app */;
			productType = "com.apple.product-type.application";
		};
/* End PBXNativeTarget section */

/* Begin PBXProject section */
		1014C25222CB16C000132618 /* Project object */ = {
			isa = PBXProject;
			attributes = {
				LastUpgradeCheck = 1020;
				ORGANIZATIONNAME = TianyuBing;
				TargetAttributes = {
					1014C25922CB16C000132618 = {
						CreatedOnToolsVersion = 10.2.1;
					};
					10505DAD23CF02FF000CBBF0 = {
						CreatedOnToolsVersion = 11.3;
					};
				};
			};
			buildConfigurationList = 1014C25522CB16C000132618 /* Build configuration list for PBXProject "Example" */;
			compatibilityVersion = "Xcode 9.3";
			developmentRegion = en;
			hasScannedForEncodings = 0;
			knownRegions = (
				en,
				Base,
			);
			mainGroup = 1014C25122CB16C000132618;
			productRefGroup = 1014C25B22CB16C000132618 /* Products */;
			projectDirPath = "";
			projectRoot = "";
			targets = (
				1014C25922CB16C000132618 /* Example */,
				10505DAD23CF02FF000CBBF0 /* appdoc */,
			);
		};
/* End PBXProject section */

/* Begin PBXResourcesBuildPhase section */
		1014C25822CB16C000132618 /* Resources */ = {
			isa = PBXResourcesBuildPhase;
			buildActionMask = 2147483647;
			files = (
				1014C26A22CB16C400132618 /* LaunchScreen.storyboard in Resources */,
				1014C26722CB16C400132618 /* Assets.xcassets in Resources */,
				1014C26522CB16C000132618 /* Main.storyboard in Resources */,
				102D64FE2434D25300EED7AE /* TTPatch.js in Resources */,
			);
			runOnlyForDeploymentPostprocessing = 0;
		};
/* End PBXResourcesBuildPhase section */

/* Begin PBXShellScriptBuildPhase section */
		10505DB123CF0305000CBBF0 /* ShellScript */ = {
			isa = PBXShellScriptBuildPhase;
			buildActionMask = 2147483647;
			files = (
			);
			inputFileListPaths = (
			);
			inputPaths = (
			);
			outputFileListPaths = (
			);
			outputPaths = (
			);
			runOnlyForDeploymentPostprocessing = 0;
			shellPath = /bin/sh;
			shellScript = "
";
		};
		10B102A5242E0A5300D62E6E /* ShellScript */ = {
			isa = PBXShellScriptBuildPhase;
			buildActionMask = 12;
			files = (
			);
			inputFileListPaths = (
			);
			inputPaths = (
			);
			outputFileListPaths = (
			);
			outputPaths = (
			);
			runOnlyForDeploymentPostprocessing = 0;
			shellPath = /bin/sh;
			shellScript = "#appledoc --no-create-docset --output ./doc --project-name Example --project-company \"TTPatch\" --company-id \"com.ttpatch\" .\n";
		};
		2E7ED8980D5E213CBB1B3F1E /* [CP] Embed Pods Frameworks */ = {
			isa = PBXShellScriptBuildPhase;
			buildActionMask = 2147483647;
			files = (
			);
			inputFileListPaths = (
				"${PODS_ROOT}/Target Support Files/Pods-Example/Pods-Example-frameworks-${CONFIGURATION}-input-files.xcfilelist",
			);
			name = "[CP] Embed Pods Frameworks";
			outputFileListPaths = (
				"${PODS_ROOT}/Target Support Files/Pods-Example/Pods-Example-frameworks-${CONFIGURATION}-output-files.xcfilelist",
			);
			runOnlyForDeploymentPostprocessing = 0;
			shellPath = /bin/sh;
			shellScript = "\"${PODS_ROOT}/Target Support Files/Pods-Example/Pods-Example-frameworks.sh\"\n";
			showEnvVarsInLog = 0;
		};
		987BD3957D65A85079578143 /* [CP] Check Pods Manifest.lock */ = {
			isa = PBXShellScriptBuildPhase;
			buildActionMask = 2147483647;
			files = (
			);
			inputFileListPaths = (
			);
			inputPaths = (
				"${PODS_PODFILE_DIR_PATH}/Podfile.lock",
				"${PODS_ROOT}/Manifest.lock",
			);
			name = "[CP] Check Pods Manifest.lock";
			outputFileListPaths = (
			);
			outputPaths = (
				"$(DERIVED_FILE_DIR)/Pods-Example-checkManifestLockResult.txt",
			);
			runOnlyForDeploymentPostprocessing = 0;
			shellPath = /bin/sh;
			shellScript = "diff \"${PODS_PODFILE_DIR_PATH}/Podfile.lock\" \"${PODS_ROOT}/Manifest.lock\" > /dev/null\nif [ $? != 0 ] ; then\n    # print error to STDERR\n    echo \"error: The sandbox is not in sync with the Podfile.lock. Run 'pod install' or update your CocoaPods installation.\" >&2\n    exit 1\nfi\n# This output is used by Xcode 'outputs' to avoid re-running this script phase.\necho \"SUCCESS\" > \"${SCRIPT_OUTPUT_FILE_0}\"\n";
			showEnvVarsInLog = 0;
		};
/* End PBXShellScriptBuildPhase section */

/* Begin PBXSourcesBuildPhase section */
		1014C25622CB16C000132618 /* Sources */ = {
			isa = PBXSourcesBuildPhase;
			buildActionMask = 2147483647;
			files = (
				102D64CE2434794A00EED7AE /* ViewController.m in Sources */,
				1014C26D22CB16C400132618 /* main.m in Sources */,
				102D64CF2434794A00EED7AE /* BlockViewController.m in Sources */,
				10B102AD242E294E00D62E6E /* TaoBaoHome.m in Sources */,
				102D65012434D25300EED7AE /* TTPatch.m in Sources */,
				102D64FF2434D25300EED7AE /* TTPatchModels.m in Sources */,
				102D64D22434794A00EED7AE /* TTPlaygroundController.m in Sources */,
				1014C2A022CB17E700132618 /* RootViewController.m in Sources */,
				1014C2A122CB17E700132618 /* MainViewController.m in Sources */,
				102D65022434D25300EED7AE /* TTPatchMethodCleaner.m in Sources */,
				1014C2B722CB1B5000132618 /* SGDirWatchdog.m in Sources */,
				1014C25F22CB16C000132618 /* AppDelegate.m in Sources */,
				102D65032434D25300EED7AE /* TTPatchUtils.m in Sources */,
				102D65002434D25300EED7AE /* TTContext.m in Sources */,
			);
			runOnlyForDeploymentPostprocessing = 0;
		};
/* End PBXSourcesBuildPhase section */

/* Begin PBXVariantGroup section */
		1014C26322CB16C000132618 /* Main.storyboard */ = {
			isa = PBXVariantGroup;
			children = (
				1014C26422CB16C000132618 /* Base */,
			);
			name = Main.storyboard;
			sourceTree = "<group>";
		};
		1014C26822CB16C400132618 /* LaunchScreen.storyboard */ = {
			isa = PBXVariantGroup;
			children = (
				1014C26922CB16C400132618 /* Base */,
			);
			name = LaunchScreen.storyboard;
			sourceTree = "<group>";
		};
/* End PBXVariantGroup section */

/* Begin XCBuildConfiguration section */
		1014C26E22CB16C400132618 /* Debug */ = {
			isa = XCBuildConfiguration;
			buildSettings = {
				ALWAYS_SEARCH_USER_PATHS = NO;
				CLANG_ANALYZER_NONNULL = YES;
				CLANG_ANALYZER_NUMBER_OBJECT_CONVERSION = YES_AGGRESSIVE;
				CLANG_CXX_LANGUAGE_STANDARD = "gnu++14";
				CLANG_CXX_LIBRARY = "libc++";
				CLANG_ENABLE_MODULES = YES;
				CLANG_ENABLE_OBJC_ARC = YES;
				CLANG_ENABLE_OBJC_WEAK = YES;
				CLANG_WARN_BLOCK_CAPTURE_AUTORELEASING = YES;
				CLANG_WARN_BOOL_CONVERSION = YES;
				CLANG_WARN_COMMA = YES;
				CLANG_WARN_CONSTANT_CONVERSION = YES;
				CLANG_WARN_DEPRECATED_OBJC_IMPLEMENTATIONS = YES;
				CLANG_WARN_DIRECT_OBJC_ISA_USAGE = YES_ERROR;
				CLANG_WARN_DOCUMENTATION_COMMENTS = YES;
				CLANG_WARN_EMPTY_BODY = YES;
				CLANG_WARN_ENUM_CONVERSION = YES;
				CLANG_WARN_INFINITE_RECURSION = YES;
				CLANG_WARN_INT_CONVERSION = YES;
				CLANG_WARN_NON_LITERAL_NULL_CONVERSION = YES;
				CLANG_WARN_OBJC_IMPLICIT_RETAIN_SELF = YES;
				CLANG_WARN_OBJC_LITERAL_CONVERSION = YES;
				CLANG_WARN_OBJC_ROOT_CLASS = YES_ERROR;
				CLANG_WARN_RANGE_LOOP_ANALYSIS = YES;
				CLANG_WARN_STRICT_PROTOTYPES = YES;
				CLANG_WARN_SUSPICIOUS_MOVE = YES;
				CLANG_WARN_UNGUARDED_AVAILABILITY = YES_AGGRESSIVE;
				CLANG_WARN_UNREACHABLE_CODE = YES;
				CLANG_WARN__DUPLICATE_METHOD_MATCH = YES;
				CODE_SIGN_IDENTITY = "iPhone Developer";
				COPY_PHASE_STRIP = NO;
				DEBUG_INFORMATION_FORMAT = dwarf;
				ENABLE_STRICT_OBJC_MSGSEND = YES;
				ENABLE_TESTABILITY = YES;
				GCC_C_LANGUAGE_STANDARD = gnu11;
				GCC_DYNAMIC_NO_PIC = NO;
				GCC_NO_COMMON_BLOCKS = YES;
				GCC_OPTIMIZATION_LEVEL = 0;
				GCC_PREPROCESSOR_DEFINITIONS = (
					"DEBUG=1",
					"$(inherited)",
				);
				GCC_WARN_64_TO_32_BIT_CONVERSION = YES;
				GCC_WARN_ABOUT_RETURN_TYPE = YES_ERROR;
				GCC_WARN_UNDECLARED_SELECTOR = YES;
				GCC_WARN_UNINITIALIZED_AUTOS = YES_AGGRESSIVE;
				GCC_WARN_UNUSED_FUNCTION = YES;
				GCC_WARN_UNUSED_VARIABLE = YES;
				IPHONEOS_DEPLOYMENT_TARGET = 12.2;
				MTL_ENABLE_DEBUG_INFO = INCLUDE_SOURCE;
				MTL_FAST_MATH = YES;
				ONLY_ACTIVE_ARCH = YES;
				SDKROOT = iphoneos;
			};
			name = Debug;
		};
		1014C26F22CB16C400132618 /* Release */ = {
			isa = XCBuildConfiguration;
			buildSettings = {
				ALWAYS_SEARCH_USER_PATHS = NO;
				CLANG_ANALYZER_NONNULL = YES;
				CLANG_ANALYZER_NUMBER_OBJECT_CONVERSION = YES_AGGRESSIVE;
				CLANG_CXX_LANGUAGE_STANDARD = "gnu++14";
				CLANG_CXX_LIBRARY = "libc++";
				CLANG_ENABLE_MODULES = YES;
				CLANG_ENABLE_OBJC_ARC = YES;
				CLANG_ENABLE_OBJC_WEAK = YES;
				CLANG_WARN_BLOCK_CAPTURE_AUTORELEASING = YES;
				CLANG_WARN_BOOL_CONVERSION = YES;
				CLANG_WARN_COMMA = YES;
				CLANG_WARN_CONSTANT_CONVERSION = YES;
				CLANG_WARN_DEPRECATED_OBJC_IMPLEMENTATIONS = YES;
				CLANG_WARN_DIRECT_OBJC_ISA_USAGE = YES_ERROR;
				CLANG_WARN_DOCUMENTATION_COMMENTS = YES;
				CLANG_WARN_EMPTY_BODY = YES;
				CLANG_WARN_ENUM_CONVERSION = YES;
				CLANG_WARN_INFINITE_RECURSION = YES;
				CLANG_WARN_INT_CONVERSION = YES;
				CLANG_WARN_NON_LITERAL_NULL_CONVERSION = YES;
				CLANG_WARN_OBJC_IMPLICIT_RETAIN_SELF = YES;
				CLANG_WARN_OBJC_LITERAL_CONVERSION = YES;
				CLANG_WARN_OBJC_ROOT_CLASS = YES_ERROR;
				CLANG_WARN_RANGE_LOOP_ANALYSIS = YES;
				CLANG_WARN_STRICT_PROTOTYPES = YES;
				CLANG_WARN_SUSPICIOUS_MOVE = YES;
				CLANG_WARN_UNGUARDED_AVAILABILITY = YES_AGGRESSIVE;
				CLANG_WARN_UNREACHABLE_CODE = YES;
				CLANG_WARN__DUPLICATE_METHOD_MATCH = YES;
				CODE_SIGN_IDENTITY = "iPhone Developer";
				COPY_PHASE_STRIP = NO;
				DEBUG_INFORMATION_FORMAT = "dwarf-with-dsym";
				ENABLE_NS_ASSERTIONS = NO;
				ENABLE_STRICT_OBJC_MSGSEND = YES;
				GCC_C_LANGUAGE_STANDARD = gnu11;
				GCC_NO_COMMON_BLOCKS = YES;
				GCC_WARN_64_TO_32_BIT_CONVERSION = YES;
				GCC_WARN_ABOUT_RETURN_TYPE = YES_ERROR;
				GCC_WARN_UNDECLARED_SELECTOR = YES;
				GCC_WARN_UNINITIALIZED_AUTOS = YES_AGGRESSIVE;
				GCC_WARN_UNUSED_FUNCTION = YES;
				GCC_WARN_UNUSED_VARIABLE = YES;
				IPHONEOS_DEPLOYMENT_TARGET = 12.2;
				MTL_ENABLE_DEBUG_INFO = NO;
				MTL_FAST_MATH = YES;
				SDKROOT = iphoneos;
				VALIDATE_PRODUCT = YES;
			};
			name = Release;
		};
		1014C27122CB16C400132618 /* Debug */ = {
			isa = XCBuildConfiguration;
			baseConfigurationReference = 67A6FD84A8BE9A2F1720D1E5 /* Pods-Example.debug.xcconfig */;
			buildSettings = {
				ALWAYS_SEARCH_USER_PATHS = NO;
				ASSETCATALOG_COMPILER_APPICON_NAME = AppIcon;
				CODE_SIGN_STYLE = Automatic;
				DEVELOPMENT_TEAM = VGUJ27JX8N;
				INFOPLIST_FILE = Example/Info.plist;
				IPHONEOS_DEPLOYMENT_TARGET = 9.0;
				LD_RUNPATH_SEARCH_PATHS = (
					"$(inherited)",
					"@executable_path/Frameworks",
				);
				ONLY_ACTIVE_ARCH = YES;
				PRODUCT_BUNDLE_IDENTIFIER = ty58.Example;
				PRODUCT_NAME = "$(TARGET_NAME)";
				TARGETED_DEVICE_FAMILY = "1,2";
				USER_HEADER_SEARCH_PATHS = "";
				VALID_ARCHS = "arm64e armv7 armv7s arm64";
			};
			name = Debug;
		};
		1014C27222CB16C400132618 /* Release */ = {
			isa = XCBuildConfiguration;
			baseConfigurationReference = E85B47CF39DC3B5A404C9FCE /* Pods-Example.release.xcconfig */;
			buildSettings = {
				ALWAYS_SEARCH_USER_PATHS = NO;
				ASSETCATALOG_COMPILER_APPICON_NAME = AppIcon;
				CODE_SIGN_STYLE = Automatic;
				DEVELOPMENT_TEAM = VGUJ27JX8N;
				INFOPLIST_FILE = Example/Info.plist;
				IPHONEOS_DEPLOYMENT_TARGET = 9.0;
				LD_RUNPATH_SEARCH_PATHS = (
					"$(inherited)",
					"@executable_path/Frameworks",
				);
				PRODUCT_BUNDLE_IDENTIFIER = ty58.Example;
				PRODUCT_NAME = "$(TARGET_NAME)";
				TARGETED_DEVICE_FAMILY = "1,2";
				USER_HEADER_SEARCH_PATHS = "";
				VALID_ARCHS = "arm64e armv7 armv7s arm64";
			};
			name = Release;
		};
		10505DAF23CF02FF000CBBF0 /* Debug */ = {
			isa = XCBuildConfiguration;
			buildSettings = {
				CODE_SIGN_STYLE = Automatic;
				MACOSX_DEPLOYMENT_TARGET = 10.14;
				PRODUCT_NAME = "$(TARGET_NAME)";
			};
			name = Debug;
		};
		10505DB023CF02FF000CBBF0 /* Release */ = {
			isa = XCBuildConfiguration;
			buildSettings = {
				CODE_SIGN_STYLE = Automatic;
				MACOSX_DEPLOYMENT_TARGET = 10.14;
				PRODUCT_NAME = "$(TARGET_NAME)";
			};
			name = Release;
		};
/* End XCBuildConfiguration section */

/* Begin XCConfigurationList section */
		1014C25522CB16C000132618 /* Build configuration list for PBXProject "Example" */ = {
			isa = XCConfigurationList;
			buildConfigurations = (
				1014C26E22CB16C400132618 /* Debug */,
				1014C26F22CB16C400132618 /* Release */,
			);
			defaultConfigurationIsVisible = 0;
			defaultConfigurationName = Release;
		};
		1014C27022CB16C400132618 /* Build configuration list for PBXNativeTarget "Example" */ = {
			isa = XCConfigurationList;
			buildConfigurations = (
				1014C27122CB16C400132618 /* Debug */,
				1014C27222CB16C400132618 /* Release */,
			);
			defaultConfigurationIsVisible = 0;
			defaultConfigurationName = Release;
		};
		10505DAE23CF02FF000CBBF0 /* Build configuration list for PBXAggregateTarget "appdoc" */ = {
			isa = XCConfigurationList;
			buildConfigurations = (
				10505DAF23CF02FF000CBBF0 /* Debug */,
				10505DB023CF02FF000CBBF0 /* Release */,
			);
			defaultConfigurationIsVisible = 0;
			defaultConfigurationName = Release;
		};
/* End XCConfigurationList section */
	};
	rootObject = 1014C25222CB16C000132618 /* Project object */;
}
